// !$*UTF8*$!
{
	archiveVersion = 1;
	classes = {
	};
	objectVersion = 45;
	objects = {

/* Begin PBXBuildFile section */
		1000000000000000000003C7 /* AbstractMessage.m in Sources */ = {isa = PBXBuildFile; fileRef = 1000000000000000000003C6 /* AbstractMessage.m */; };
		1000000000000000000003C8 /* AbstractMessage.m in Sources */ = {isa = PBXBuildFile; fileRef = 1000000000000000000003C6 /* AbstractMessage.m */; };
		1000000000000000000003CB /* AbstractMessage_Builder.m in Sources */ = {isa = PBXBuildFile; fileRef = 1000000000000000000003CA /* AbstractMessage_Builder.m */; };
		1000000000000000000003CC /* AbstractMessage_Builder.m in Sources */ = {isa = PBXBuildFile; fileRef = 1000000000000000000003CA /* AbstractMessage_Builder.m */; };
		10000000000000000000065B /* CodedInputStream.m in Sources */ = {isa = PBXBuildFile; fileRef = 10000000000000000000065A /* CodedInputStream.m */; };
		10000000000000000000065C /* CodedInputStream.m in Sources */ = {isa = PBXBuildFile; fileRef = 10000000000000000000065A /* CodedInputStream.m */; };
		10000000000000000000065F /* CodedInputStreamTests.m in Sources */ = {isa = PBXBuildFile; fileRef = 10000000000000000000065E /* CodedInputStreamTests.m */; };
		100000000000000000000662 /* CodedOuputStreamTests.m in Sources */ = {isa = PBXBuildFile; fileRef = 100000000000000000000661 /* CodedOuputStreamTests.m */; };
		100000000000000000000665 /* CodedOutputStream.m in Sources */ = {isa = PBXBuildFile; fileRef = 100000000000000000000664 /* CodedOutputStream.m */; };
		100000000000000000000666 /* CodedOutputStream.m in Sources */ = {isa = PBXBuildFile; fileRef = 100000000000000000000664 /* CodedOutputStream.m */; };
		100000000000000000000761 /* ConcreteExtensionField.h in Headers */ = {isa = PBXBuildFile; fileRef = 100000000000000000000760 /* ConcreteExtensionField.h */; };
		100000000000000000000763 /* ConcreteExtensionField.m in Sources */ = {isa = PBXBuildFile; fileRef = 100000000000000000000762 /* ConcreteExtensionField.m */; };
		100000000000000000000764 /* ConcreteExtensionField.m in Sources */ = {isa = PBXBuildFile; fileRef = 100000000000000000000762 /* ConcreteExtensionField.m */; };
		1000000000000000000007BB /* CoreTests.m in Sources */ = {isa = PBXBuildFile; fileRef = 1000000000000000000007BA /* CoreTests.m */; };
		100000000000000000000906 /* ExtendableMessage.m in Sources */ = {isa = PBXBuildFile; fileRef = 100000000000000000000905 /* ExtendableMessage.m */; };
		100000000000000000000907 /* ExtendableMessage.m in Sources */ = {isa = PBXBuildFile; fileRef = 100000000000000000000905 /* ExtendableMessage.m */; };
		100000000000000000000909 /* ExtendableMessage_Builder.h in Headers */ = {isa = PBXBuildFile; fileRef = 100000000000000000000908 /* ExtendableMessage_Builder.h */; };
		10000000000000000000090B /* ExtendableMessage_Builder.m in Sources */ = {isa = PBXBuildFile; fileRef = 10000000000000000000090A /* ExtendableMessage_Builder.m */; };
		10000000000000000000090C /* ExtendableMessage_Builder.m in Sources */ = {isa = PBXBuildFile; fileRef = 10000000000000000000090A /* ExtendableMessage_Builder.m */; };
		10000000000000000000090E /* ExtensionField.h in Headers */ = {isa = PBXBuildFile; fileRef = 10000000000000000000090D /* ExtensionField.h */; };
		100000000000000000000911 /* ExtensionRegistry.m in Sources */ = {isa = PBXBuildFile; fileRef = 100000000000000000000910 /* ExtensionRegistry.m */; };
		100000000000000000000912 /* ExtensionRegistry.m in Sources */ = {isa = PBXBuildFile; fileRef = 100000000000000000000910 /* ExtensionRegistry.m */; };
		10000000000000000000096B /* Field.m in Sources */ = {isa = PBXBuildFile; fileRef = 10000000000000000000096A /* Field.m */; };
		10000000000000000000096C /* Field.m in Sources */ = {isa = PBXBuildFile; fileRef = 10000000000000000000096A /* Field.m */; };
		1000000000000000000009A1 /* Foundation.framework in Frameworks */ = {isa = PBXBuildFile; fileRef = 100000000000000000000996 /* Foundation.framework */; };
		1000000000000000000009A3 /* Foundation.framework in Frameworks */ = {isa = PBXBuildFile; fileRef = 100000000000000000000996 /* Foundation.framework */; };
		100000000000000000000A01 /* GeneratedMessage.m in Sources */ = {isa = PBXBuildFile; fileRef = 100000000000000000000A00 /* GeneratedMessage.m */; };
		100000000000000000000A02 /* GeneratedMessage.m in Sources */ = {isa = PBXBuildFile; fileRef = 100000000000000000000A00 /* GeneratedMessage.m */; };
		100000000000000000000A05 /* GeneratedMessageTests.m in Sources */ = {isa = PBXBuildFile; fileRef = 100000000000000000000A04 /* GeneratedMessageTests.m */; };
		100000000000000000000A08 /* GeneratedMessage_Builder.m in Sources */ = {isa = PBXBuildFile; fileRef = 100000000000000000000A07 /* GeneratedMessage_Builder.m */; };
		100000000000000000000A09 /* GeneratedMessage_Builder.m in Sources */ = {isa = PBXBuildFile; fileRef = 100000000000000000000A07 /* GeneratedMessage_Builder.m */; };
		100000000000000000000C5C /* Main.m in Sources */ = {isa = PBXBuildFile; fileRef = 100000000000000000000C5B /* Main.m */; };
		100000000000000000000CBA /* MessageTests.m in Sources */ = {isa = PBXBuildFile; fileRef = 100000000000000000000CB9 /* MessageTests.m */; };
		100000000000000000000CBB /* MessageTests.m in Sources */ = {isa = PBXBuildFile; fileRef = 100000000000000000000CB9 /* MessageTests.m */; };
		100000000000000000000D1B /* MicroTest.m in Sources */ = {isa = PBXBuildFile; fileRef = 100000000000000000000D1A /* MicroTest.m */; };
		100000000000000000000D52 /* MutableExtensionRegistry.h in Headers */ = {isa = PBXBuildFile; fileRef = 100000000000000000000D51 /* MutableExtensionRegistry.h */; };
		100000000000000000000D54 /* MutableExtensionRegistry.m in Sources */ = {isa = PBXBuildFile; fileRef = 100000000000000000000D53 /* MutableExtensionRegistry.m */; };
		100000000000000000000D55 /* MutableExtensionRegistry.m in Sources */ = {isa = PBXBuildFile; fileRef = 100000000000000000000D53 /* MutableExtensionRegistry.m */; };
		100000000000000000000D58 /* MutableField.m in Sources */ = {isa = PBXBuildFile; fileRef = 100000000000000000000D57 /* MutableField.m */; };
		100000000000000000000D59 /* MutableField.m in Sources */ = {isa = PBXBuildFile; fileRef = 100000000000000000000D57 /* MutableField.m */; };
		100000000000000000001205 /* SenTestingKit.framework in Frameworks */ = {isa = PBXBuildFile; fileRef = 100000000000000000001204 /* SenTestingKit.framework */; };
		100000000000000000001206 /* SenTestingKit.framework in Frameworks */ = {isa = PBXBuildFile; fileRef = 100000000000000000001204 /* SenTestingKit.framework */; };
		100000000000000000001282 /* SmallBlockInputStream.m in Sources */ = {isa = PBXBuildFile; fileRef = 100000000000000000001281 /* SmallBlockInputStream.m */; };
		1000000000000000000014FA /* TestUtilities.m in Sources */ = {isa = PBXBuildFile; fileRef = 1000000000000000000014F9 /* TestUtilities.m */; };
		1000000000000000000014FB /* TestUtilities.m in Sources */ = {isa = PBXBuildFile; fileRef = 1000000000000000000014F9 /* TestUtilities.m */; };
		100000000000000000001505 /* TextFormat.m in Sources */ = {isa = PBXBuildFile; fileRef = 100000000000000000001504 /* TextFormat.m */; };
		100000000000000000001506 /* TextFormat.m in Sources */ = {isa = PBXBuildFile; fileRef = 100000000000000000001504 /* TextFormat.m */; };
		100000000000000000001626 /* Unittest.pb.m in Sources */ = {isa = PBXBuildFile; fileRef = 100000000000000000001625 /* Unittest.pb.m */; };
		100000000000000000001627 /* Unittest.pb.m in Sources */ = {isa = PBXBuildFile; fileRef = 100000000000000000001625 /* Unittest.pb.m */; };
		10000000000000000000162A /* UnittestEmbedOptimizeFor.pb.m in Sources */ = {isa = PBXBuildFile; fileRef = 100000000000000000001629 /* UnittestEmbedOptimizeFor.pb.m */; };
		10000000000000000000162D /* UnittestImport.pb.m in Sources */ = {isa = PBXBuildFile; fileRef = 10000000000000000000162C /* UnittestImport.pb.m */; };
		10000000000000000000162E /* UnittestImport.pb.m in Sources */ = {isa = PBXBuildFile; fileRef = 10000000000000000000162C /* UnittestImport.pb.m */; };
		100000000000000000001631 /* UnittestMset.pb.m in Sources */ = {isa = PBXBuildFile; fileRef = 100000000000000000001630 /* UnittestMset.pb.m */; };
		100000000000000000001634 /* UnittestOptimizeFor.pb.m in Sources */ = {isa = PBXBuildFile; fileRef = 100000000000000000001633 /* UnittestOptimizeFor.pb.m */; };
		100000000000000000001637 /* UnknownFieldSet.m in Sources */ = {isa = PBXBuildFile; fileRef = 100000000000000000001636 /* UnknownFieldSet.m */; };
		100000000000000000001638 /* UnknownFieldSet.m in Sources */ = {isa = PBXBuildFile; fileRef = 100000000000000000001636 /* UnknownFieldSet.m */; };
		10000000000000000000163B /* UnknownFieldSetTest.m in Sources */ = {isa = PBXBuildFile; fileRef = 10000000000000000000163A /* UnknownFieldSetTest.m */; };
		10000000000000000000163C /* UnknownFieldSetTest.m in Sources */ = {isa = PBXBuildFile; fileRef = 10000000000000000000163A /* UnknownFieldSetTest.m */; };
		10000000000000000000163F /* UnknownFieldSet_Builder.m in Sources */ = {isa = PBXBuildFile; fileRef = 10000000000000000000163E /* UnknownFieldSet_Builder.m */; };
		100000000000000000001640 /* UnknownFieldSet_Builder.m in Sources */ = {isa = PBXBuildFile; fileRef = 10000000000000000000163E /* UnknownFieldSet_Builder.m */; };
		100000000000000000001669 /* Utilities.m in Sources */ = {isa = PBXBuildFile; fileRef = 100000000000000000001665 /* Utilities.m */; };
		10000000000000000000166A /* Utilities.m in Sources */ = {isa = PBXBuildFile; fileRef = 100000000000000000001665 /* Utilities.m */; };
		10000000000000000000166D /* UtilitiesTests.m in Sources */ = {isa = PBXBuildFile; fileRef = 10000000000000000000166C /* UtilitiesTests.m */; };
		100000000000000000001694 /* WireFormat.m in Sources */ = {isa = PBXBuildFile; fileRef = 100000000000000000001693 /* WireFormat.m */; };
		100000000000000000001695 /* WireFormat.m in Sources */ = {isa = PBXBuildFile; fileRef = 100000000000000000001693 /* WireFormat.m */; };
		100000000000000000001698 /* WireFormatTests.m in Sources */ = {isa = PBXBuildFile; fileRef = 100000000000000000001697 /* WireFormatTests.m */; };
		100000000000000000001699 /* WireFormatTests.m in Sources */ = {isa = PBXBuildFile; fileRef = 100000000000000000001697 /* WireFormatTests.m */; };
		100000000000000000001850 /* libProtocolBuffers.a in Frameworks */ = {isa = PBXBuildFile; fileRef = 10000000000000000000184E /* libProtocolBuffers.a */; };
/* End PBXBuildFile section */

/* Begin PBXContainerItemProxy section */
		100000000000000000000F04 /* PBXContainerItemProxy */ = {
			isa = PBXContainerItemProxy;
			containerPortal = 1000000000000000000010A1 /* Project object */;
			proxyType = 1;
			remoteGlobalIDString = 1000000000000000000010A3;
			remoteInfo = ProtocolBuffers;
		};
/* End PBXContainerItemProxy section */

/* Begin PBXFileReference section */
		1000000000000000000003C5 /* AbstractMessage.h */ = {isa = PBXFileReference; fileEncoding = 4; lastKnownFileType = sourcecode.c.h; path = AbstractMessage.h; sourceTree = "<group>"; };
		1000000000000000000003C6 /* AbstractMessage.m */ = {isa = PBXFileReference; fileEncoding = 4; lastKnownFileType = sourcecode.c.objc; path = AbstractMessage.m; sourceTree = "<group>"; };
		1000000000000000000003C9 /* AbstractMessage_Builder.h */ = {isa = PBXFileReference; fileEncoding = 4; lastKnownFileType = sourcecode.c.h; path = AbstractMessage_Builder.h; sourceTree = "<group>"; };
		1000000000000000000003CA /* AbstractMessage_Builder.m */ = {isa = PBXFileReference; fileEncoding = 4; lastKnownFileType = sourcecode.c.objc; path = AbstractMessage_Builder.m; sourceTree = "<group>"; };
		10000000000000000000057E /* Bootstrap.h */ = {isa = PBXFileReference; fileEncoding = 4; lastKnownFileType = sourcecode.c.h; name = Bootstrap.h; path = Classes/Bootstrap.h; sourceTree = "<group>"; };
		100000000000000000000659 /* CodedInputStream.h */ = {isa = PBXFileReference; fileEncoding = 4; lastKnownFileType = sourcecode.c.h; path = CodedInputStream.h; sourceTree = "<group>"; };
		10000000000000000000065A /* CodedInputStream.m */ = {isa = PBXFileReference; fileEncoding = 4; lastKnownFileType = sourcecode.c.objc; path = CodedInputStream.m; sourceTree = "<group>"; };
		10000000000000000000065D /* CodedInputStreamTests.h */ = {isa = PBXFileReference; fileEncoding = 4; lastKnownFileType = sourcecode.c.h; name = CodedInputStreamTests.h; path = Tests/CodedInputStreamTests.h; sourceTree = "<group>"; };
		10000000000000000000065E /* CodedInputStreamTests.m */ = {isa = PBXFileReference; fileEncoding = 4; lastKnownFileType = sourcecode.c.objc; name = CodedInputStreamTests.m; path = Tests/CodedInputStreamTests.m; sourceTree = "<group>"; };
		100000000000000000000660 /* CodedOuputStreamTests.h */ = {isa = PBXFileReference; fileEncoding = 4; lastKnownFileType = sourcecode.c.h; name = CodedOuputStreamTests.h; path = Tests/CodedOuputStreamTests.h; sourceTree = "<group>"; };
		100000000000000000000661 /* CodedOuputStreamTests.m */ = {isa = PBXFileReference; fileEncoding = 4; lastKnownFileType = sourcecode.c.objc; name = CodedOuputStreamTests.m; path = Tests/CodedOuputStreamTests.m; sourceTree = "<group>"; };
		100000000000000000000663 /* CodedOutputStream.h */ = {isa = PBXFileReference; fileEncoding = 4; lastKnownFileType = sourcecode.c.h; path = CodedOutputStream.h; sourceTree = "<group>"; };
		100000000000000000000664 /* CodedOutputStream.m */ = {isa = PBXFileReference; fileEncoding = 4; lastKnownFileType = sourcecode.c.objc; path = CodedOutputStream.m; sourceTree = "<group>"; };
		10000000000000000000075C /* CommandLineTests.app */ = {isa = PBXFileReference; explicitFileType = wrapper.application; includeInIndex = 0; path = CommandLineTests.app; sourceTree = BUILT_PRODUCTS_DIR; };
		100000000000000000000760 /* ConcreteExtensionField.h */ = {isa = PBXFileReference; fileEncoding = 4; lastKnownFileType = sourcecode.c.h; path = ConcreteExtensionField.h; sourceTree = "<group>"; };
		100000000000000000000762 /* ConcreteExtensionField.m */ = {isa = PBXFileReference; fileEncoding = 4; lastKnownFileType = sourcecode.c.objc; path = ConcreteExtensionField.m; sourceTree = "<group>"; };
		1000000000000000000007B9 /* CoreTests.h */ = {isa = PBXFileReference; fileEncoding = 4; lastKnownFileType = sourcecode.c.h; name = CoreTests.h; path = Tests/CoreTests.h; sourceTree = "<group>"; };
		1000000000000000000007BA /* CoreTests.m */ = {isa = PBXFileReference; fileEncoding = 4; lastKnownFileType = sourcecode.c.objc; name = CoreTests.m; path = Tests/CoreTests.m; sourceTree = "<group>"; };
		100000000000000000000904 /* ExtendableMessage.h */ = {isa = PBXFileReference; fileEncoding = 4; lastKnownFileType = sourcecode.c.h; path = ExtendableMessage.h; sourceTree = "<group>"; };
		100000000000000000000905 /* ExtendableMessage.m */ = {isa = PBXFileReference; fileEncoding = 4; lastKnownFileType = sourcecode.c.objc; path = ExtendableMessage.m; sourceTree = "<group>"; };
		100000000000000000000908 /* ExtendableMessage_Builder.h */ = {isa = PBXFileReference; fileEncoding = 4; lastKnownFileType = sourcecode.c.h; path = ExtendableMessage_Builder.h; sourceTree = "<group>"; };
		10000000000000000000090A /* ExtendableMessage_Builder.m */ = {isa = PBXFileReference; fileEncoding = 4; lastKnownFileType = sourcecode.c.objc; path = ExtendableMessage_Builder.m; sourceTree = "<group>"; };
		10000000000000000000090D /* ExtensionField.h */ = {isa = PBXFileReference; fileEncoding = 4; lastKnownFileType = sourcecode.c.h; path = ExtensionField.h; sourceTree = "<group>"; };
		10000000000000000000090F /* ExtensionRegistry.h */ = {isa = PBXFileReference; fileEncoding = 4; lastKnownFileType = sourcecode.c.h; path = ExtensionRegistry.h; sourceTree = "<group>"; };
		100000000000000000000910 /* ExtensionRegistry.m */ = {isa = PBXFileReference; fileEncoding = 4; lastKnownFileType = sourcecode.c.objc; path = ExtensionRegistry.m; sourceTree = "<group>"; };
		100000000000000000000969 /* Field.h */ = {isa = PBXFileReference; fileEncoding = 4; lastKnownFileType = sourcecode.c.h; path = Field.h; sourceTree = "<group>"; };
		10000000000000000000096A /* Field.m */ = {isa = PBXFileReference; fileEncoding = 4; lastKnownFileType = sourcecode.c.objc; path = Field.m; sourceTree = "<group>"; };
		100000000000000000000988 /* ForwardDeclarations.h */ = {isa = PBXFileReference; fileEncoding = 4; lastKnownFileType = sourcecode.c.h; name = ForwardDeclarations.h; path = Classes/ForwardDeclarations.h; sourceTree = "<group>"; };
		100000000000000000000996 /* Foundation.framework */ = {isa = PBXFileReference; lastKnownFileType = wrapper.framework; name = Foundation.framework; path = System/Library/Frameworks/Foundation.framework; sourceTree = SDKROOT; };
		1000000000000000000009FF /* GeneratedMessage.h */ = {isa = PBXFileReference; fileEncoding = 4; lastKnownFileType = sourcecode.c.h; path = GeneratedMessage.h; sourceTree = "<group>"; };
		100000000000000000000A00 /* GeneratedMessage.m */ = {isa = PBXFileReference; fileEncoding = 4; lastKnownFileType = sourcecode.c.objc; path = GeneratedMessage.m; sourceTree = "<group>"; };
		100000000000000000000A03 /* GeneratedMessageTests.h */ = {isa = PBXFileReference; fileEncoding = 4; lastKnownFileType = sourcecode.c.h; name = GeneratedMessageTests.h; path = Tests/GeneratedMessageTests.h; sourceTree = "<group>"; };
		100000000000000000000A04 /* GeneratedMessageTests.m */ = {isa = PBXFileReference; fileEncoding = 4; lastKnownFileType = sourcecode.c.objc; name = GeneratedMessageTests.m; path = Tests/GeneratedMessageTests.m; sourceTree = "<group>"; };
		100000000000000000000A06 /* GeneratedMessage_Builder.h */ = {isa = PBXFileReference; fileEncoding = 4; lastKnownFileType = sourcecode.c.h; path = GeneratedMessage_Builder.h; sourceTree = "<group>"; };
		100000000000000000000A07 /* GeneratedMessage_Builder.m */ = {isa = PBXFileReference; fileEncoding = 4; lastKnownFileType = sourcecode.c.objc; path = GeneratedMessage_Builder.m; sourceTree = "<group>"; };
		100000000000000000000C5B /* Main.m */ = {isa = PBXFileReference; fileEncoding = 4; lastKnownFileType = sourcecode.c.objc; path = Main.m; sourceTree = "<group>"; };
		100000000000000000000CB4 /* Message.h */ = {isa = PBXFileReference; fileEncoding = 4; lastKnownFileType = sourcecode.c.h; path = Message.h; sourceTree = "<group>"; };
		100000000000000000000CB8 /* MessageTests.h */ = {isa = PBXFileReference; fileEncoding = 4; lastKnownFileType = sourcecode.c.h; name = MessageTests.h; path = Tests/MessageTests.h; sourceTree = "<group>"; };
		100000000000000000000CB9 /* MessageTests.m */ = {isa = PBXFileReference; fileEncoding = 4; lastKnownFileType = sourcecode.c.objc; name = MessageTests.m; path = Tests/MessageTests.m; sourceTree = "<group>"; };
		100000000000000000000CD5 /* Message_Builder.h */ = {isa = PBXFileReference; fileEncoding = 4; lastKnownFileType = sourcecode.c.h; path = Message_Builder.h; sourceTree = "<group>"; };
		100000000000000000000D19 /* MicroTest.h */ = {isa = PBXFileReference; fileEncoding = 4; lastKnownFileType = sourcecode.c.h; name = MicroTest.h; path = Tests/MicroTest.h; sourceTree = "<group>"; };
		100000000000000000000D1A /* MicroTest.m */ = {isa = PBXFileReference; fileEncoding = 4; lastKnownFileType = sourcecode.c.objc; name = MicroTest.m; path = Tests/MicroTest.m; sourceTree = "<group>"; };
		100000000000000000000D51 /* MutableExtensionRegistry.h */ = {isa = PBXFileReference; fileEncoding = 4; lastKnownFileType = sourcecode.c.h; path = MutableExtensionRegistry.h; sourceTree = "<group>"; };
		100000000000000000000D53 /* MutableExtensionRegistry.m */ = {isa = PBXFileReference; fileEncoding = 4; lastKnownFileType = sourcecode.c.objc; path = MutableExtensionRegistry.m; sourceTree = "<group>"; };
		100000000000000000000D56 /* MutableField.h */ = {isa = PBXFileReference; fileEncoding = 4; lastKnownFileType = sourcecode.c.h; path = MutableField.h; sourceTree = "<group>"; };
		100000000000000000000D57 /* MutableField.m */ = {isa = PBXFileReference; fileEncoding = 4; lastKnownFileType = sourcecode.c.objc; path = MutableField.m; sourceTree = "<group>"; };
		1000000000000000000010A4 /* ProtocolBuffers-Info.plist */ = {isa = PBXFileReference; fileEncoding = 4; lastKnownFileType = text.plist.xml; path = "ProtocolBuffers-Info.plist"; plistStructureDefinitionIdentifier = "com.apple.xcode.plist.structure-definition.iphone.info-plist"; sourceTree = "<group>"; };
		1000000000000000000010A6 /* ProtocolBuffers.h */ = {isa = PBXFileReference; fileEncoding = 4; lastKnownFileType = sourcecode.c.h; name = ProtocolBuffers.h; path = Classes/ProtocolBuffers.h; sourceTree = "<group>"; };
		1000000000000000000010A9 /* ProtocolBuffers_Prefix.pch */ = {isa = PBXFileReference; fileEncoding = 4; lastKnownFileType = sourcecode.c.h; path = ProtocolBuffers_Prefix.pch; sourceTree = "<group>"; };
		100000000000000000001204 /* SenTestingKit.framework */ = {isa = PBXFileReference; lastKnownFileType = wrapper.framework; name = SenTestingKit.framework; path = Library/Frameworks/SenTestingKit.framework; sourceTree = DEVELOPER_DIR; };
		100000000000000000001280 /* SmallBlockInputStream.h */ = {isa = PBXFileReference; fileEncoding = 4; lastKnownFileType = sourcecode.c.h; name = SmallBlockInputStream.h; path = Tests/SmallBlockInputStream.h; sourceTree = "<group>"; };
		100000000000000000001281 /* SmallBlockInputStream.m */ = {isa = PBXFileReference; fileEncoding = 4; lastKnownFileType = sourcecode.c.objc; name = SmallBlockInputStream.m; path = Tests/SmallBlockInputStream.m; sourceTree = "<group>"; };
		1000000000000000000014F8 /* TestUtilities.h */ = {isa = PBXFileReference; fileEncoding = 4; lastKnownFileType = sourcecode.c.h; name = TestUtilities.h; path = Tests/TestUtilities.h; sourceTree = "<group>"; };
		1000000000000000000014F9 /* TestUtilities.m */ = {isa = PBXFileReference; fileEncoding = 4; lastKnownFileType = sourcecode.c.objc; name = TestUtilities.m; path = Tests/TestUtilities.m; sourceTree = "<group>"; };
		100000000000000000001503 /* TextFormat.h */ = {isa = PBXFileReference; fileEncoding = 4; lastKnownFileType = sourcecode.c.h; path = TextFormat.h; sourceTree = "<group>"; };
		100000000000000000001504 /* TextFormat.m */ = {isa = PBXFileReference; fileEncoding = 4; lastKnownFileType = sourcecode.c.objc; path = TextFormat.m; sourceTree = "<group>"; };
		10000000000000000000161E /* UnitTests-Info.plist */ = {isa = PBXFileReference; lastKnownFileType = text.plist.xml; path = "UnitTests-Info.plist"; sourceTree = "<group>"; };
		100000000000000000001620 /* UnitTests.octest */ = {isa = PBXFileReference; explicitFileType = wrapper.cfbundle; includeInIndex = 0; path = UnitTests.octest; sourceTree = BUILT_PRODUCTS_DIR; };
		100000000000000000001624 /* Unittest.pb.h */ = {isa = PBXFileReference; fileEncoding = 4; lastKnownFileType = sourcecode.c.h; name = Unittest.pb.h; path = Tests/Unittest.pb.h; sourceTree = "<group>"; };
		100000000000000000001625 /* Unittest.pb.m */ = {isa = PBXFileReference; fileEncoding = 4; lastKnownFileType = sourcecode.c.objc; name = Unittest.pb.m; path = Tests/Unittest.pb.m; sourceTree = "<group>"; };
		100000000000000000001628 /* UnittestEmbedOptimizeFor.pb.h */ = {isa = PBXFileReference; fileEncoding = 4; lastKnownFileType = sourcecode.c.h; name = UnittestEmbedOptimizeFor.pb.h; path = Tests/UnittestEmbedOptimizeFor.pb.h; sourceTree = "<group>"; };
		100000000000000000001629 /* UnittestEmbedOptimizeFor.pb.m */ = {isa = PBXFileReference; fileEncoding = 4; lastKnownFileType = sourcecode.c.objc; name = UnittestEmbedOptimizeFor.pb.m; path = Tests/UnittestEmbedOptimizeFor.pb.m; sourceTree = "<group>"; };
		10000000000000000000162B /* UnittestImport.pb.h */ = {isa = PBXFileReference; fileEncoding = 4; lastKnownFileType = sourcecode.c.h; name = UnittestImport.pb.h; path = Tests/UnittestImport.pb.h; sourceTree = "<group>"; };
		10000000000000000000162C /* UnittestImport.pb.m */ = {isa = PBXFileReference; fileEncoding = 4; lastKnownFileType = sourcecode.c.objc; name = UnittestImport.pb.m; path = Tests/UnittestImport.pb.m; sourceTree = "<group>"; };
		10000000000000000000162F /* UnittestMset.pb.h */ = {isa = PBXFileReference; fileEncoding = 4; lastKnownFileType = sourcecode.c.h; name = UnittestMset.pb.h; path = Tests/UnittestMset.pb.h; sourceTree = "<group>"; };
		100000000000000000001630 /* UnittestMset.pb.m */ = {isa = PBXFileReference; fileEncoding = 4; lastKnownFileType = sourcecode.c.objc; name = UnittestMset.pb.m; path = Tests/UnittestMset.pb.m; sourceTree = "<group>"; };
		100000000000000000001632 /* UnittestOptimizeFor.pb.h */ = {isa = PBXFileReference; fileEncoding = 4; lastKnownFileType = sourcecode.c.h; name = UnittestOptimizeFor.pb.h; path = Tests/UnittestOptimizeFor.pb.h; sourceTree = "<group>"; };
		100000000000000000001633 /* UnittestOptimizeFor.pb.m */ = {isa = PBXFileReference; fileEncoding = 4; lastKnownFileType = sourcecode.c.objc; name = UnittestOptimizeFor.pb.m; path = Tests/UnittestOptimizeFor.pb.m; sourceTree = "<group>"; };
		100000000000000000001635 /* UnknownFieldSet.h */ = {isa = PBXFileReference; fileEncoding = 4; lastKnownFileType = sourcecode.c.h; path = UnknownFieldSet.h; sourceTree = "<group>"; };
		100000000000000000001636 /* UnknownFieldSet.m */ = {isa = PBXFileReference; fileEncoding = 4; lastKnownFileType = sourcecode.c.objc; path = UnknownFieldSet.m; sourceTree = "<group>"; };
		100000000000000000001639 /* UnknownFieldSetTest.h */ = {isa = PBXFileReference; fileEncoding = 4; lastKnownFileType = sourcecode.c.h; name = UnknownFieldSetTest.h; path = Tests/UnknownFieldSetTest.h; sourceTree = "<group>"; };
		10000000000000000000163A /* UnknownFieldSetTest.m */ = {isa = PBXFileReference; fileEncoding = 4; lastKnownFileType = sourcecode.c.objc; name = UnknownFieldSetTest.m; path = Tests/UnknownFieldSetTest.m; sourceTree = "<group>"; };
		10000000000000000000163D /* UnknownFieldSet_Builder.h */ = {isa = PBXFileReference; fileEncoding = 4; lastKnownFileType = sourcecode.c.h; path = UnknownFieldSet_Builder.h; sourceTree = "<group>"; };
		10000000000000000000163E /* UnknownFieldSet_Builder.m */ = {isa = PBXFileReference; fileEncoding = 4; lastKnownFileType = sourcecode.c.objc; path = UnknownFieldSet_Builder.m; sourceTree = "<group>"; };
		100000000000000000001662 /* Utilities.h */ = {isa = PBXFileReference; fileEncoding = 4; lastKnownFileType = sourcecode.c.h; path = Utilities.h; sourceTree = "<group>"; };
		100000000000000000001665 /* Utilities.m */ = {isa = PBXFileReference; fileEncoding = 4; lastKnownFileType = sourcecode.c.objc; path = Utilities.m; sourceTree = "<group>"; };
		10000000000000000000166B /* UtilitiesTests.h */ = {isa = PBXFileReference; fileEncoding = 4; lastKnownFileType = sourcecode.c.h; name = UtilitiesTests.h; path = Tests/UtilitiesTests.h; sourceTree = "<group>"; };
		10000000000000000000166C /* UtilitiesTests.m */ = {isa = PBXFileReference; fileEncoding = 4; lastKnownFileType = sourcecode.c.objc; name = UtilitiesTests.m; path = Tests/UtilitiesTests.m; sourceTree = "<group>"; };
		100000000000000000001692 /* WireFormat.h */ = {isa = PBXFileReference; fileEncoding = 4; lastKnownFileType = sourcecode.c.h; path = WireFormat.h; sourceTree = "<group>"; };
		100000000000000000001693 /* WireFormat.m */ = {isa = PBXFileReference; fileEncoding = 4; lastKnownFileType = sourcecode.c.objc; path = WireFormat.m; sourceTree = "<group>"; };
		100000000000000000001696 /* WireFormatTests.h */ = {isa = PBXFileReference; fileEncoding = 4; lastKnownFileType = sourcecode.c.h; name = WireFormatTests.h; path = Tests/WireFormatTests.h; sourceTree = "<group>"; };
		100000000000000000001697 /* WireFormatTests.m */ = {isa = PBXFileReference; fileEncoding = 4; lastKnownFileType = sourcecode.c.objc; name = WireFormatTests.m; path = Tests/WireFormatTests.m; sourceTree = "<group>"; };
		10000000000000000000184E /* libProtocolBuffers.a */ = {isa = PBXFileReference; explicitFileType = archive.ar; includeInIndex = 0; path = libProtocolBuffers.a; sourceTree = BUILT_PRODUCTS_DIR; };
/* End PBXFileReference section */

/* Begin PBXFrameworksBuildPhase section */
		1000000000000000000009DE /* Frameworks */ = {
			isa = PBXFrameworksBuildPhase;
			buildActionMask = 2147483647;
			files = (
				100000000000000000001850 /* libProtocolBuffers.a in Frameworks */,
				100000000000000000001205 /* SenTestingKit.framework in Frameworks */,
			);
			runOnlyForDeploymentPostprocessing = 0;
		};
		1000000000000000000009E0 /* Frameworks */ = {
			isa = PBXFrameworksBuildPhase;
			buildActionMask = 2147483647;
			files = (
				1000000000000000000009A1 /* Foundation.framework in Frameworks */,
			);
			runOnlyForDeploymentPostprocessing = 0;
		};
		1000000000000000000009E2 /* Frameworks */ = {
			isa = PBXFrameworksBuildPhase;
			buildActionMask = 2147483647;
			files = (
				100000000000000000001206 /* SenTestingKit.framework in Frameworks */,
				1000000000000000000009A3 /* Foundation.framework in Frameworks */,
			);
			runOnlyForDeploymentPostprocessing = 0;
		};
/* End PBXFrameworksBuildPhase section */

/* Begin PBXGroup section */
		10000000000000000000064C /* Classes */ = {
			isa = PBXGroup;
			children = (
				100000000000000000000913 /* Extensions */,
				10000000000000000000096D /* Fields */,
				1000000000000000000009FE /* GeneratedMessage */,
				100000000000000000000A55 /* IO */,
				100000000000000000000CD6 /* Messages */,
				100000000000000000001662 /* Utilities.h */,
				100000000000000000001665 /* Utilities.m */,
				100000000000000000000C5B /* Main.m */,
			);
			path = Classes;
			sourceTree = "<group>";
		};
		100000000000000000000817 /* CustomTemplate */ = {
			isa = PBXGroup;
			children = (
				1000000000000000000014FC /* Tests */,
				10000000000000000000064C /* Classes */,
				100000000000000000000EA2 /* Other Sources */,
				100000000000000000001159 /* Resources */,
				1000000000000000000009BA /* Frameworks */,
				100000000000000000001082 /* Products */,
			);
			name = CustomTemplate;
			sourceTree = "<group>";
		};
		100000000000000000000913 /* Extensions */ = {
			isa = PBXGroup;
			children = (
				100000000000000000000760 /* ConcreteExtensionField.h */,
				100000000000000000000904 /* ExtendableMessage.h */,
				100000000000000000000908 /* ExtendableMessage_Builder.h */,
				10000000000000000000090D /* ExtensionField.h */,
				10000000000000000000090F /* ExtensionRegistry.h */,
				100000000000000000000D51 /* MutableExtensionRegistry.h */,
				100000000000000000000762 /* ConcreteExtensionField.m */,
				100000000000000000000905 /* ExtendableMessage.m */,
				10000000000000000000090A /* ExtendableMessage_Builder.m */,
				100000000000000000000910 /* ExtensionRegistry.m */,
				100000000000000000000D53 /* MutableExtensionRegistry.m */,
			);
			name = Extensions;
			sourceTree = "<group>";
		};
		10000000000000000000096D /* Fields */ = {
			isa = PBXGroup;
			children = (
				100000000000000000000969 /* Field.h */,
				100000000000000000000D56 /* MutableField.h */,
				100000000000000000001635 /* UnknownFieldSet.h */,
				10000000000000000000163D /* UnknownFieldSet_Builder.h */,
				10000000000000000000096A /* Field.m */,
				100000000000000000000D57 /* MutableField.m */,
				100000000000000000001636 /* UnknownFieldSet.m */,
				10000000000000000000163E /* UnknownFieldSet_Builder.m */,
			);
			name = Fields;
			sourceTree = "<group>";
		};
		1000000000000000000009BA /* Frameworks */ = {
			isa = PBXGroup;
			children = (
				100000000000000000001204 /* SenTestingKit.framework */,
				100000000000000000000996 /* Foundation.framework */,
			);
			name = Frameworks;
			sourceTree = "<group>";
		};
		1000000000000000000009FE /* GeneratedMessage */ = {
			isa = PBXGroup;
			children = (
				1000000000000000000009FF /* GeneratedMessage.h */,
				100000000000000000000A06 /* GeneratedMessage_Builder.h */,
				100000000000000000000A00 /* GeneratedMessage.m */,
				100000000000000000000A07 /* GeneratedMessage_Builder.m */,
			);
			name = GeneratedMessage;
			sourceTree = "<group>";
		};
		100000000000000000000A55 /* IO */ = {
			isa = PBXGroup;
			children = (
				100000000000000000000659 /* CodedInputStream.h */,
				100000000000000000000663 /* CodedOutputStream.h */,
				100000000000000000001503 /* TextFormat.h */,
				100000000000000000001692 /* WireFormat.h */,
				10000000000000000000065A /* CodedInputStream.m */,
				100000000000000000000664 /* CodedOutputStream.m */,
				100000000000000000001504 /* TextFormat.m */,
				100000000000000000001693 /* WireFormat.m */,
			);
			name = IO;
			sourceTree = "<group>";
		};
		100000000000000000000CD6 /* Messages */ = {
			isa = PBXGroup;
			children = (
				1000000000000000000003C5 /* AbstractMessage.h */,
				1000000000000000000003C9 /* AbstractMessage_Builder.h */,
				100000000000000000000CB4 /* Message.h */,
				100000000000000000000CD5 /* Message_Builder.h */,
				1000000000000000000003C6 /* AbstractMessage.m */,
				1000000000000000000003CA /* AbstractMessage_Builder.m */,
			);
			name = Messages;
			sourceTree = "<group>";
		};
		100000000000000000000EA2 /* Other Sources */ = {
			isa = PBXGroup;
			children = (
				1000000000000000000010A9 /* ProtocolBuffers_Prefix.pch */,
				10000000000000000000057E /* Bootstrap.h */,
				100000000000000000000988 /* ForwardDeclarations.h */,
				1000000000000000000010A6 /* ProtocolBuffers.h */,
			);
			name = "Other Sources";
			sourceTree = "<group>";
		};
		100000000000000000001082 /* Products */ = {
			isa = PBXGroup;
			children = (
				10000000000000000000184E /* libProtocolBuffers.a */,
				100000000000000000001620 /* UnitTests.octest */,
				10000000000000000000075C /* CommandLineTests.app */,
			);
			name = Products;
			sourceTree = "<group>";
		};
		100000000000000000001159 /* Resources */ = {
			isa = PBXGroup;
			children = (
				1000000000000000000010A4 /* ProtocolBuffers-Info.plist */,
				10000000000000000000161E /* UnitTests-Info.plist */,
			);
			name = Resources;
			sourceTree = "<group>";
		};
		1000000000000000000014FC /* Tests */ = {
			isa = PBXGroup;
			children = (
				10000000000000000000065D /* CodedInputStreamTests.h */,
				100000000000000000000660 /* CodedOuputStreamTests.h */,
				1000000000000000000007B9 /* CoreTests.h */,
				100000000000000000000A03 /* GeneratedMessageTests.h */,
				100000000000000000000CB8 /* MessageTests.h */,
				100000000000000000000D19 /* MicroTest.h */,
				100000000000000000001280 /* SmallBlockInputStream.h */,
				1000000000000000000014F8 /* TestUtilities.h */,
				100000000000000000001624 /* Unittest.pb.h */,
				100000000000000000001628 /* UnittestEmbedOptimizeFor.pb.h */,
				10000000000000000000162B /* UnittestImport.pb.h */,
				10000000000000000000162F /* UnittestMset.pb.h */,
				100000000000000000001632 /* UnittestOptimizeFor.pb.h */,
				100000000000000000001639 /* UnknownFieldSetTest.h */,
				10000000000000000000166B /* UtilitiesTests.h */,
				100000000000000000001696 /* WireFormatTests.h */,
				10000000000000000000065E /* CodedInputStreamTests.m */,
				100000000000000000000661 /* CodedOuputStreamTests.m */,
				1000000000000000000007BA /* CoreTests.m */,
				100000000000000000000A04 /* GeneratedMessageTests.m */,
				100000000000000000000CB9 /* MessageTests.m */,
				100000000000000000000D1A /* MicroTest.m */,
				100000000000000000001281 /* SmallBlockInputStream.m */,
				1000000000000000000014F9 /* TestUtilities.m */,
				100000000000000000001625 /* Unittest.pb.m */,
				100000000000000000001629 /* UnittestEmbedOptimizeFor.pb.m */,
				10000000000000000000162C /* UnittestImport.pb.m */,
				100000000000000000001630 /* UnittestMset.pb.m */,
				100000000000000000001633 /* UnittestOptimizeFor.pb.m */,
				10000000000000000000163A /* UnknownFieldSetTest.m */,
				10000000000000000000166C /* UtilitiesTests.m */,
				100000000000000000001697 /* WireFormatTests.m */,
			);
			name = Tests;
			sourceTree = "<group>";
		};
/* End PBXGroup section */

/* Begin PBXHeadersBuildPhase section */
		100000000000000000000A2A /* Headers */ = {
			isa = PBXHeadersBuildPhase;
			buildActionMask = 2147483647;
			files = (
				100000000000000000000D52 /* MutableExtensionRegistry.h in Headers */,
				10000000000000000000090E /* ExtensionField.h in Headers */,
				100000000000000000000909 /* ExtendableMessage_Builder.h in Headers */,
				100000000000000000000761 /* ConcreteExtensionField.h in Headers */,
			);
			runOnlyForDeploymentPostprocessing = 0;
		};
/* End PBXHeadersBuildPhase section */

/* Begin PBXNativeTarget section */
		10000000000000000000075A /* CommandLineTests */ = {
			isa = PBXNativeTarget;
			buildConfigurationList = 1000000000000000000005C9 /* Build configuration list for PBXNativeTarget "CommandLineTests" */;
			buildPhases = (
				100000000000000000001160 /* Resources */,
				1000000000000000000012B6 /* Sources */,
				1000000000000000000009E2 /* Frameworks */,
			);
			buildRules = (
			);
			dependencies = (
			);
			name = CommandLineTests;
			productName = CommandLineTests;
			productReference = 10000000000000000000075C /* CommandLineTests.app */;
			productType = "com.apple.product-type.application";
		};
		1000000000000000000010A3 /* ProtocolBuffers */ = {
			isa = PBXNativeTarget;
			buildConfigurationList = 1000000000000000000005D3 /* Build configuration list for PBXNativeTarget "ProtocolBuffers" */;
			buildPhases = (
				100000000000000000000A2A /* Headers */,
				1000000000000000000012B5 /* Sources */,
				1000000000000000000009E0 /* Frameworks */,
			);
			buildRules = (
			);
			dependencies = (
			);
			name = ProtocolBuffers;
			productName = "ProtocolBuffers-iPhoneDevice";
			productReference = 10000000000000000000184E /* libProtocolBuffers.a */;
			productType = "com.apple.product-type.library.static";
		};
		10000000000000000000161D /* UnitTests */ = {
			isa = PBXNativeTarget;
			buildConfigurationList = 1000000000000000000005DB /* Build configuration list for PBXNativeTarget "UnitTests" */;
			buildPhases = (
				10000000000000000000115B /* Resources */,
				1000000000000000000012B3 /* Sources */,
				1000000000000000000009DE /* Frameworks */,
				100000000000000000001264 /* ShellScript */,
			);
			buildRules = (
			);
			dependencies = (
				100000000000000000000F94 /* PBXTargetDependency */,
			);
			name = UnitTests;
			productName = UnitTests;
			productReference = 100000000000000000001620 /* UnitTests.octest */;
			productType = "com.apple.product-type.bundle";
		};
/* End PBXNativeTarget section */

/* Begin PBXProject section */
		1000000000000000000010A1 /* Project object */ = {
			isa = PBXProject;
			buildConfigurationList = 100000000000000000000624 /* Build configuration list for PBXProject "ProtocolBuffers" */;
			compatibilityVersion = "Xcode 3.1";
			hasScannedForEncodings = 1;
			mainGroup = 100000000000000000000817 /* CustomTemplate */;
			projectDirPath = "";
			projectRoot = "";
			targets = (
				1000000000000000000010A3 /* ProtocolBuffers */,
				10000000000000000000161D /* UnitTests */,
				10000000000000000000075A /* CommandLineTests */,
			);
		};
/* End PBXProject section */

/* Begin PBXResourcesBuildPhase section */
		10000000000000000000115B /* Resources */ = {
			isa = PBXResourcesBuildPhase;
			buildActionMask = 2147483647;
			files = (
			);
			runOnlyForDeploymentPostprocessing = 0;
		};
		100000000000000000001160 /* Resources */ = {
			isa = PBXResourcesBuildPhase;
			buildActionMask = 2147483647;
			files = (
			);
			runOnlyForDeploymentPostprocessing = 0;
		};
/* End PBXResourcesBuildPhase section */

/* Begin PBXShellScriptBuildPhase section */
		100000000000000000001264 /* ShellScript */ = {
			isa = PBXShellScriptBuildPhase;
			buildActionMask = 2147483647;
			files = (
			);
			inputPaths = (
			);
			outputPaths = (
			);
			runOnlyForDeploymentPostprocessing = 0;
			shellPath = /bin/sh;
			shellScript = "# Run the unit tests in this test bundle.\n\"${SYSTEM_DEVELOPER_DIR}/Tools/RunUnitTests\"\n";
		};
/* End PBXShellScriptBuildPhase section */

/* Begin PBXSourcesBuildPhase section */
		1000000000000000000012B3 /* Sources */ = {
			isa = PBXSourcesBuildPhase;
			buildActionMask = 2147483647;
			files = (
				10000000000000000000065F /* CodedInputStreamTests.m in Sources */,
				100000000000000000000662 /* CodedOuputStreamTests.m in Sources */,
				1000000000000000000007BB /* CoreTests.m in Sources */,
				100000000000000000000A05 /* GeneratedMessageTests.m in Sources */,
				100000000000000000000CBA /* MessageTests.m in Sources */,
				100000000000000000000D1B /* MicroTest.m in Sources */,
				100000000000000000001282 /* SmallBlockInputStream.m in Sources */,
				1000000000000000000014FA /* TestUtilities.m in Sources */,
				100000000000000000001626 /* Unittest.pb.m in Sources */,
				10000000000000000000162A /* UnittestEmbedOptimizeFor.pb.m in Sources */,
				10000000000000000000162D /* UnittestImport.pb.m in Sources */,
				100000000000000000001631 /* UnittestMset.pb.m in Sources */,
				100000000000000000001634 /* UnittestOptimizeFor.pb.m in Sources */,
				10000000000000000000163B /* UnknownFieldSetTest.m in Sources */,
				10000000000000000000166D /* UtilitiesTests.m in Sources */,
				100000000000000000001698 /* WireFormatTests.m in Sources */,
			);
			runOnlyForDeploymentPostprocessing = 0;
		};
		1000000000000000000012B5 /* Sources */ = {
			isa = PBXSourcesBuildPhase;
			buildActionMask = 2147483647;
			files = (
				1000000000000000000003C7 /* AbstractMessage.m in Sources */,
				1000000000000000000003CB /* AbstractMessage_Builder.m in Sources */,
				10000000000000000000065B /* CodedInputStream.m in Sources */,
				100000000000000000000665 /* CodedOutputStream.m in Sources */,
				100000000000000000000906 /* ExtendableMessage.m in Sources */,
				100000000000000000000911 /* ExtensionRegistry.m in Sources */,
				10000000000000000000096B /* Field.m in Sources */,
				100000000000000000000A01 /* GeneratedMessage.m in Sources */,
				100000000000000000000A08 /* GeneratedMessage_Builder.m in Sources */,
				100000000000000000000D58 /* MutableField.m in Sources */,
				100000000000000000001505 /* TextFormat.m in Sources */,
				100000000000000000001637 /* UnknownFieldSet.m in Sources */,
				10000000000000000000163F /* UnknownFieldSet_Builder.m in Sources */,
				100000000000000000001669 /* Utilities.m in Sources */,
				100000000000000000001694 /* WireFormat.m in Sources */,
				100000000000000000000D54 /* MutableExtensionRegistry.m in Sources */,
				10000000000000000000090B /* ExtendableMessage_Builder.m in Sources */,
				100000000000000000000763 /* ConcreteExtensionField.m in Sources */,
			);
			runOnlyForDeploymentPostprocessing = 0;
		};
		1000000000000000000012B6 /* Sources */ = {
			isa = PBXSourcesBuildPhase;
			buildActionMask = 2147483647;
			files = (
				100000000000000000001699 /* WireFormatTests.m in Sources */,
				1000000000000000000014FB /* TestUtilities.m in Sources */,
				10000000000000000000163C /* UnknownFieldSetTest.m in Sources */,
				10000000000000000000162E /* UnittestImport.pb.m in Sources */,
				100000000000000000001627 /* Unittest.pb.m in Sources */,
				100000000000000000000CBB /* MessageTests.m in Sources */,
				1000000000000000000003C8 /* AbstractMessage.m in Sources */,
				1000000000000000000003CC /* AbstractMessage_Builder.m in Sources */,
				10000000000000000000065C /* CodedInputStream.m in Sources */,
				100000000000000000000666 /* CodedOutputStream.m in Sources */,
				100000000000000000000907 /* ExtendableMessage.m in Sources */,
				100000000000000000000912 /* ExtensionRegistry.m in Sources */,
				10000000000000000000096C /* Field.m in Sources */,
				100000000000000000000A02 /* GeneratedMessage.m in Sources */,
				100000000000000000000A09 /* GeneratedMessage_Builder.m in Sources */,
				100000000000000000000D59 /* MutableField.m in Sources */,
				100000000000000000001506 /* TextFormat.m in Sources */,
				100000000000000000001638 /* UnknownFieldSet.m in Sources */,
				100000000000000000001640 /* UnknownFieldSet_Builder.m in Sources */,
				10000000000000000000166A /* Utilities.m in Sources */,
				100000000000000000001695 /* WireFormat.m in Sources */,
				100000000000000000000D55 /* MutableExtensionRegistry.m in Sources */,
				10000000000000000000090C /* ExtendableMessage_Builder.m in Sources */,
				100000000000000000000764 /* ConcreteExtensionField.m in Sources */,
				100000000000000000000C5C /* Main.m in Sources */,
			);
			runOnlyForDeploymentPostprocessing = 0;
		};
/* End PBXSourcesBuildPhase section */

/* Begin PBXTargetDependency section */
		100000000000000000000F94 /* PBXTargetDependency */ = {
			isa = PBXTargetDependency;
			target = 1000000000000000000010A3 /* ProtocolBuffers */;
			targetProxy = 100000000000000000000F04 /* PBXContainerItemProxy */;
		};
/* End PBXTargetDependency section */

/* Begin XCBuildConfiguration section */
		10000000000000000000088D /* Debug */ = {
			isa = XCBuildConfiguration;
			buildSettings = {
				ALWAYS_SEARCH_USER_PATHS = NO;
				COPY_PHASE_STRIP = NO;
				FRAMEWORK_SEARCH_PATHS = "$(DEVELOPER_LIBRARY_DIR)/Frameworks";
				GCC_DYNAMIC_NO_PIC = NO;
				GCC_ENABLE_FIX_AND_CONTINUE = NO;
				GCC_ENABLE_OBJC_EXCEPTIONS = YES;
				GCC_MODEL_TUNING = G5;
				GCC_OPTIMIZATION_LEVEL = 0;
				GCC_PRECOMPILE_PREFIX_HEADER = YES;
				GCC_PREFIX_HEADER = "$(SYSTEM_LIBRARY_DIR)/Frameworks/Cocoa.framework/Headers/Cocoa.h";
				INFOPLIST_FILE = "UnitTests-Info.plist";
				INSTALL_PATH = "$(USER_LIBRARY_DIR)/Bundles";
				OTHER_LDFLAGS = (
					"-framework",
					Cocoa,
					"-framework",
					SenTestingKit,
				);
				PREBINDING = NO;
				PRODUCT_NAME = UnitTests;
				SDKROOT = "";
				WRAPPER_EXTENSION = octest;
			};
			name = Debug;
		};
		10000000000000000000088F /* Debug */ = {
			isa = XCBuildConfiguration;
			buildSettings = {
			};
			name = Debug;
		};
		100000000000000000000890 /* Debug */ = {
			isa = XCBuildConfiguration;
			buildSettings = {
				ALWAYS_SEARCH_USER_PATHS = NO;
				COPY_PHASE_STRIP = NO;
				FRAMEWORK_SEARCH_PATHS = (
					"$(inherited)",
					"\"$(DEVELOPER_FRAMEWORKS_DIR)\"",
				);
				GCC_DYNAMIC_NO_PIC = NO;
				GCC_ENABLE_FIX_AND_CONTINUE = YES;
				GCC_MODEL_TUNING = G5;
				GCC_OPTIMIZATION_LEVEL = 0;
				GCC_PRECOMPILE_PREFIX_HEADER = YES;
				GCC_PREFIX_HEADER = ProtocolBuffers_Prefix.pch;
				GCC_TREAT_WARNINGS_AS_ERRORS = NO;
				INFOPLIST_FILE = "UnitTests-Info.plist";
				INSTALL_PATH = "$(HOME)/Applications";
				OTHER_LDFLAGS = (
					"-framework",
					Foundation,
					"-framework",
					AppKit,
					"-ObjC",
					"-framework",
					SenTestingKit,
				);
				PREBINDING = NO;
				PRODUCT_NAME = CommandLineTests;
				SDKROOT = macosx10.5;
			};
			name = Debug;
		};
		100000000000000000000893 /* Debug */ = {
			isa = XCBuildConfiguration;
			buildSettings = {
				ARCHS = "$(ARCHS_STANDARD_32_BIT)";
				"CODE_SIGN_IDENTITY[sdk=iphoneos*]" = "iPhone Developer";
				GCC_C_LANGUAGE_STANDARD = c99;
				GCC_DYNAMIC_NO_PIC = NO;
				GCC_OPTIMIZATION_LEVEL = 0;
				GCC_PRECOMPILE_PREFIX_HEADER = YES;
				GCC_PREFIX_HEADER = ProtocolBuffers_Prefix.pch;
				GCC_TREAT_WARNINGS_AS_ERRORS = YES;
				GCC_WARN_ABOUT_MISSING_NEWLINE = YES;
				GCC_WARN_ABOUT_RETURN_TYPE = YES;
				GCC_WARN_MISSING_PARENTHESES = YES;
				GCC_WARN_UNUSED_VARIABLE = YES;
				ONLY_ACTIVE_ARCH = YES;
				OTHER_LDFLAGS = (
					"-ObjC",
					"-all_load",
				);
				PREBINDING = NO;
				PRODUCT_NAME = "$(PROJECT_NAME)";
				SDKROOT = iphonesimulator3.0;
			};
			name = Debug;
		};
		100000000000000000001146 /* Release */ = {
			isa = XCBuildConfiguration;
			buildSettings = {
				ALWAYS_SEARCH_USER_PATHS = NO;
				COPY_PHASE_STRIP = YES;
				DEBUG_INFORMATION_FORMAT = "dwarf-with-dsym";
				FRAMEWORK_SEARCH_PATHS = "$(DEVELOPER_LIBRARY_DIR)/Frameworks";
				GCC_ENABLE_FIX_AND_CONTINUE = NO;
				GCC_ENABLE_OBJC_EXCEPTIONS = YES;
				GCC_MODEL_TUNING = G5;
				GCC_PRECOMPILE_PREFIX_HEADER = YES;
				GCC_PREFIX_HEADER = "$(SYSTEM_LIBRARY_DIR)/Frameworks/Cocoa.framework/Headers/Cocoa.h";
				INFOPLIST_FILE = "UnitTests-Info.plist";
				INSTALL_PATH = "$(USER_LIBRARY_DIR)/Bundles";
				OTHER_LDFLAGS = (
					"-framework",
					Cocoa,
					"-framework",
					SenTestingKit,
				);
				PREBINDING = NO;
				PRODUCT_NAME = UnitTests;
				WRAPPER_EXTENSION = octest;
				ZERO_LINK = NO;
			};
			name = Release;
		};
		100000000000000000001148 /* Release */ = {
			isa = XCBuildConfiguration;
			buildSettings = {
			};
			name = Release;
		};
		100000000000000000001149 /* Release */ = {
			isa = XCBuildConfiguration;
			buildSettings = {
				ALWAYS_SEARCH_USER_PATHS = NO;
				COPY_PHASE_STRIP = YES;
				DEBUG_INFORMATION_FORMAT = "dwarf-with-dsym";
				FRAMEWORK_SEARCH_PATHS = (
					"$(inherited)",
					"\"$(DEVELOPER_FRAMEWORKS_DIR)\"",
				);
				GCC_ENABLE_FIX_AND_CONTINUE = NO;
				GCC_MODEL_TUNING = G5;
				GCC_PRECOMPILE_PREFIX_HEADER = YES;
				GCC_PREFIX_HEADER = ProtocolBuffers_Prefix.pch;
				GCC_TREAT_WARNINGS_AS_ERRORS = NO;
				INFOPLIST_FILE = "UnitTests-Info.plist";
				INSTALL_PATH = "$(HOME)/Applications";
				OTHER_LDFLAGS = (
					"-framework",
					Foundation,
					"-framework",
					AppKit,
					"-ObjC",
					"-framework",
					SenTestingKit,
				);
				PREBINDING = NO;
				PRODUCT_NAME = CommandLineTests;
				SDKROOT = macosx10.5;
				ZERO_LINK = NO;
			};
			name = Release;
		};
		10000000000000000000114D /* Release */ = {
			isa = XCBuildConfiguration;
			buildSettings = {
				ARCHS = "$(ARCHS_STANDARD_32_BIT)";
				"CODE_SIGN_IDENTITY[sdk=iphoneos*]" = "iPhone Developer";
				GCC_C_LANGUAGE_STANDARD = c99;
				GCC_PRECOMPILE_PREFIX_HEADER = YES;
				GCC_PREFIX_HEADER = ProtocolBuffers_Prefix.pch;
				GCC_TREAT_WARNINGS_AS_ERRORS = YES;
				GCC_WARN_ABOUT_MISSING_NEWLINE = YES;
				GCC_WARN_ABOUT_RETURN_TYPE = YES;
				GCC_WARN_MISSING_PARENTHESES = YES;
				GCC_WARN_UNUSED_VARIABLE = YES;
				OTHER_LDFLAGS = (
					"-ObjC",
					"-all_load",
				);
				PREBINDING = NO;
				PRODUCT_NAME = "$(PROJECT_NAME)";
				SDKROOT = iphonesimulator3.0;
			};
			name = Release;
		};
/* End XCBuildConfiguration section */

/* Begin XCConfigurationList section */
		1000000000000000000005C9 /* Build configuration list for PBXNativeTarget "CommandLineTests" */ = {
			isa = XCConfigurationList;
			buildConfigurations = (
				100000000000000000000890 /* Debug */,
				100000000000000000001149 /* Release */,
			);
			defaultConfigurationIsVisible = 0;
			defaultConfigurationName = Release;
		};
		1000000000000000000005D3 /* Build configuration list for PBXNativeTarget "ProtocolBuffers" */ = {
			isa = XCConfigurationList;
			buildConfigurations = (
				10000000000000000000088F /* Debug */,
				100000000000000000001148 /* Release */,
			);
			defaultConfigurationIsVisible = 0;
			defaultConfigurationName = Release;
		};
		1000000000000000000005DB /* Build configuration list for PBXNativeTarget "UnitTests" */ = {
			isa = XCConfigurationList;
			buildConfigurations = (
				10000000000000000000088D /* Debug */,
				100000000000000000001146 /* Release */,
			);
			defaultConfigurationIsVisible = 0;
			defaultConfigurationName = Release;
		};
		100000000000000000000624 /* Build configuration list for PBXProject "ProtocolBuffers" */ = {
			isa = XCConfigurationList;
			buildConfigurations = (
				100000000000000000000893 /* Debug */,
				10000000000000000000114D /* Release */,
			);
			defaultConfigurationIsVisible = 0;
			defaultConfigurationName = Release;
		};
/* End XCConfigurationList section */
	};
	rootObject = 1000000000000000000010A1 /* Project object */;
}
