// !$*UTF8*$!
{
	archiveVersion = 1;
	classes = {
	};
	objectVersion = 45;
	objects = {

/* Begin PBXBuildFile section */
		1000000000000000000003C7 /* AbstractMessage.m in Sources */ = {isa = PBXBuildFile; fileRef = 1000000000000000000003C6 /* AbstractMessage.m */; };
		1000000000000000000003C8 /* AbstractMessage.m in Sources */ = {isa = PBXBuildFile; fileRef = 1000000000000000000003C6 /* AbstractMessage.m */; };
		1000000000000000000003CB /* AbstractMessage_Builder.m in Sources */ = {isa = PBXBuildFile; fileRef = 1000000000000000000003CA /* AbstractMessage_Builder.m */; };
		1000000000000000000003CC /* AbstractMessage_Builder.m in Sources */ = {isa = PBXBuildFile; fileRef = 1000000000000000000003CA /* AbstractMessage_Builder.m */; };
		1000000000000000000006BD /* CodedInputStream.m in Sources */ = {isa = PBXBuildFile; fileRef = 1000000000000000000006BC /* CodedInputStream.m */; };
		1000000000000000000006BE /* CodedInputStream.m in Sources */ = {isa = PBXBuildFile; fileRef = 1000000000000000000006BC /* CodedInputStream.m */; };
		1000000000000000000006C1 /* CodedInputStreamTests.m in Sources */ = {isa = PBXBuildFile; fileRef = 1000000000000000000006C0 /* CodedInputStreamTests.m */; };
		1000000000000000000006C4 /* CodedOuputStreamTests.m in Sources */ = {isa = PBXBuildFile; fileRef = 1000000000000000000006C3 /* CodedOuputStreamTests.m */; };
		1000000000000000000006C7 /* CodedOutputStream.m in Sources */ = {isa = PBXBuildFile; fileRef = 1000000000000000000006C6 /* CodedOutputStream.m */; };
		1000000000000000000006C8 /* CodedOutputStream.m in Sources */ = {isa = PBXBuildFile; fileRef = 1000000000000000000006C6 /* CodedOutputStream.m */; };
		1000000000000000000007B8 /* ConcreteExtensionField.h in Headers */ = {isa = PBXBuildFile; fileRef = 1000000000000000000007B7 /* ConcreteExtensionField.h */; };
		1000000000000000000007BA /* ConcreteExtensionField.m in Sources */ = {isa = PBXBuildFile; fileRef = 1000000000000000000007B9 /* ConcreteExtensionField.m */; };
		1000000000000000000007BB /* ConcreteExtensionField.m in Sources */ = {isa = PBXBuildFile; fileRef = 1000000000000000000007B9 /* ConcreteExtensionField.m */; };
		100000000000000000000812 /* CoreTests.m in Sources */ = {isa = PBXBuildFile; fileRef = 100000000000000000000811 /* CoreTests.m */; };
		10000000000000000000094C /* ExtendableMessage.m in Sources */ = {isa = PBXBuildFile; fileRef = 10000000000000000000094B /* ExtendableMessage.m */; };
		10000000000000000000094D /* ExtendableMessage.m in Sources */ = {isa = PBXBuildFile; fileRef = 10000000000000000000094B /* ExtendableMessage.m */; };
		10000000000000000000094F /* ExtendableMessage_Builder.h in Headers */ = {isa = PBXBuildFile; fileRef = 10000000000000000000094E /* ExtendableMessage_Builder.h */; };
		100000000000000000000951 /* ExtendableMessage_Builder.m in Sources */ = {isa = PBXBuildFile; fileRef = 100000000000000000000950 /* ExtendableMessage_Builder.m */; };
		100000000000000000000952 /* ExtendableMessage_Builder.m in Sources */ = {isa = PBXBuildFile; fileRef = 100000000000000000000950 /* ExtendableMessage_Builder.m */; };
		100000000000000000000954 /* ExtensionField.h in Headers */ = {isa = PBXBuildFile; fileRef = 100000000000000000000953 /* ExtensionField.h */; };
		100000000000000000000957 /* ExtensionRegistry.m in Sources */ = {isa = PBXBuildFile; fileRef = 100000000000000000000956 /* ExtensionRegistry.m */; };
		100000000000000000000958 /* ExtensionRegistry.m in Sources */ = {isa = PBXBuildFile; fileRef = 100000000000000000000956 /* ExtensionRegistry.m */; };
		1000000000000000000009B5 /* Field.m in Sources */ = {isa = PBXBuildFile; fileRef = 1000000000000000000009B4 /* Field.m */; };
		1000000000000000000009B6 /* Field.m in Sources */ = {isa = PBXBuildFile; fileRef = 1000000000000000000009B4 /* Field.m */; };
		1000000000000000000009EE /* Foundation.framework in Frameworks */ = {isa = PBXBuildFile; fileRef = 1000000000000000000009DF /* Foundation.framework */; };
		1000000000000000000009EF /* Foundation.framework in Frameworks */ = {isa = PBXBuildFile; fileRef = 1000000000000000000009DF /* Foundation.framework */; };
		100000000000000000000A4F /* GeneratedMessage.m in Sources */ = {isa = PBXBuildFile; fileRef = 100000000000000000000A4E /* GeneratedMessage.m */; };
		100000000000000000000A50 /* GeneratedMessage.m in Sources */ = {isa = PBXBuildFile; fileRef = 100000000000000000000A4E /* GeneratedMessage.m */; };
		100000000000000000000A53 /* GeneratedMessageTests.m in Sources */ = {isa = PBXBuildFile; fileRef = 100000000000000000000A52 /* GeneratedMessageTests.m */; };
		100000000000000000000A56 /* GeneratedMessage_Builder.m in Sources */ = {isa = PBXBuildFile; fileRef = 100000000000000000000A55 /* GeneratedMessage_Builder.m */; };
		100000000000000000000A57 /* GeneratedMessage_Builder.m in Sources */ = {isa = PBXBuildFile; fileRef = 100000000000000000000A55 /* GeneratedMessage_Builder.m */; };
		100000000000000000000C93 /* Main.m in Sources */ = {isa = PBXBuildFile; fileRef = 100000000000000000000C92 /* Main.m */; };
		100000000000000000000CF8 /* MessageTests.m in Sources */ = {isa = PBXBuildFile; fileRef = 100000000000000000000CF7 /* MessageTests.m */; };
		100000000000000000000CF9 /* MessageTests.m in Sources */ = {isa = PBXBuildFile; fileRef = 100000000000000000000CF7 /* MessageTests.m */; };
		100000000000000000000D55 /* MicroTest.m in Sources */ = {isa = PBXBuildFile; fileRef = 100000000000000000000D54 /* MicroTest.m */; };
		100000000000000000000D8C /* MutableExtensionRegistry.h in Headers */ = {isa = PBXBuildFile; fileRef = 100000000000000000000D8B /* MutableExtensionRegistry.h */; };
		100000000000000000000D8F /* MutableExtensionRegistry.m in Sources */ = {isa = PBXBuildFile; fileRef = 100000000000000000000D8D /* MutableExtensionRegistry.m */; };
		100000000000000000000D8E /* MutableExtensionRegistry.m in Sources */ = {isa = PBXBuildFile; fileRef = 100000000000000000000D8D /* MutableExtensionRegistry.m */; };
		100000000000000000000D92 /* MutableField.m in Sources */ = {isa = PBXBuildFile; fileRef = 100000000000000000000D91 /* MutableField.m */; };
		100000000000000000000D93 /* MutableField.m in Sources */ = {isa = PBXBuildFile; fileRef = 100000000000000000000D91 /* MutableField.m */; };
		10000000000000000000122C /* SenTestingKit.framework in Frameworks */ = {isa = PBXBuildFile; fileRef = 10000000000000000000122B /* SenTestingKit.framework */; };
		10000000000000000000122D /* SenTestingKit.framework in Frameworks */ = {isa = PBXBuildFile; fileRef = 10000000000000000000122B /* SenTestingKit.framework */; };
		10000000000000000000129E /* SmallBlockInputStream.m in Sources */ = {isa = PBXBuildFile; fileRef = 10000000000000000000129D /* SmallBlockInputStream.m */; };
		100000000000000000001575 /* TestUtilities.m in Sources */ = {isa = PBXBuildFile; fileRef = 100000000000000000001574 /* TestUtilities.m */; };
		100000000000000000001576 /* TestUtilities.m in Sources */ = {isa = PBXBuildFile; fileRef = 100000000000000000001574 /* TestUtilities.m */; };
		100000000000000000001581 /* TextFormat.m in Sources */ = {isa = PBXBuildFile; fileRef = 100000000000000000001580 /* TextFormat.m */; };
		100000000000000000001582 /* TextFormat.m in Sources */ = {isa = PBXBuildFile; fileRef = 100000000000000000001580 /* TextFormat.m */; };
		100000000000000000001711 /* Unittest.pb.m in Sources */ = {isa = PBXBuildFile; fileRef = 100000000000000000001710 /* Unittest.pb.m */; };
		100000000000000000001712 /* Unittest.pb.m in Sources */ = {isa = PBXBuildFile; fileRef = 100000000000000000001710 /* Unittest.pb.m */; };
		100000000000000000001715 /* UnittestEmbedOptimizeFor.pb.m in Sources */ = {isa = PBXBuildFile; fileRef = 100000000000000000001714 /* UnittestEmbedOptimizeFor.pb.m */; };
		100000000000000000001718 /* UnittestImport.pb.m in Sources */ = {isa = PBXBuildFile; fileRef = 100000000000000000001717 /* UnittestImport.pb.m */; };
		100000000000000000001719 /* UnittestImport.pb.m in Sources */ = {isa = PBXBuildFile; fileRef = 100000000000000000001717 /* UnittestImport.pb.m */; };
		10000000000000000000171C /* UnittestMset.pb.m in Sources */ = {isa = PBXBuildFile; fileRef = 10000000000000000000171B /* UnittestMset.pb.m */; };
		10000000000000000000171F /* UnittestOptimizeFor.pb.m in Sources */ = {isa = PBXBuildFile; fileRef = 10000000000000000000171E /* UnittestOptimizeFor.pb.m */; };
		100000000000000000001722 /* UnknownFieldSet.m in Sources */ = {isa = PBXBuildFile; fileRef = 100000000000000000001721 /* UnknownFieldSet.m */; };
		100000000000000000001723 /* UnknownFieldSet.m in Sources */ = {isa = PBXBuildFile; fileRef = 100000000000000000001721 /* UnknownFieldSet.m */; };
		100000000000000000001726 /* UnknownFieldSetTest.m in Sources */ = {isa = PBXBuildFile; fileRef = 100000000000000000001725 /* UnknownFieldSetTest.m */; };
		100000000000000000001727 /* UnknownFieldSetTest.m in Sources */ = {isa = PBXBuildFile; fileRef = 100000000000000000001725 /* UnknownFieldSetTest.m */; };
		10000000000000000000172A /* UnknownFieldSet_Builder.m in Sources */ = {isa = PBXBuildFile; fileRef = 100000000000000000001729 /* UnknownFieldSet_Builder.m */; };
		10000000000000000000172B /* UnknownFieldSet_Builder.m in Sources */ = {isa = PBXBuildFile; fileRef = 100000000000000000001729 /* UnknownFieldSet_Builder.m */; };
		100000000000000000001755 /* Utilities.m in Sources */ = {isa = PBXBuildFile; fileRef = 100000000000000000001752 /* Utilities.m */; };
		100000000000000000001756 /* Utilities.m in Sources */ = {isa = PBXBuildFile; fileRef = 100000000000000000001752 /* Utilities.m */; };
		100000000000000000001759 /* UtilitiesTests.m in Sources */ = {isa = PBXBuildFile; fileRef = 100000000000000000001758 /* UtilitiesTests.m */; };
		100000000000000000001787 /* WireFormat.m in Sources */ = {isa = PBXBuildFile; fileRef = 100000000000000000001786 /* WireFormat.m */; };
		100000000000000000001788 /* WireFormat.m in Sources */ = {isa = PBXBuildFile; fileRef = 100000000000000000001786 /* WireFormat.m */; };
		10000000000000000000178B /* WireFormatTests.m in Sources */ = {isa = PBXBuildFile; fileRef = 10000000000000000000178A /* WireFormatTests.m */; };
		10000000000000000000178C /* WireFormatTests.m in Sources */ = {isa = PBXBuildFile; fileRef = 10000000000000000000178A /* WireFormatTests.m */; };
		100000000000000000001946 /* libProtocolBuffers.a in Frameworks */ = {isa = PBXBuildFile; fileRef = 100000000000000000001944 /* libProtocolBuffers.a */; };
/* End PBXBuildFile section */

/* Begin PBXContainerItemProxy section */
		100000000000000000000F6C /* PBXContainerItemProxy */ = {
			isa = PBXContainerItemProxy;
			containerPortal = 1000000000000000000010BF /* Project object */;
			proxyType = 1;
			remoteGlobalIDString = 1000000000000000000010C3;
			remoteInfo = ProtocolBuffers;
		};
/* End PBXContainerItemProxy section */

/* Begin PBXFileReference section */
		1000000000000000000003C5 /* AbstractMessage.h */ = {isa = PBXFileReference; fileEncoding = 4; lastKnownFileType = sourcecode.c.h; path = AbstractMessage.h; sourceTree = "<group>"; };
		1000000000000000000003C6 /* AbstractMessage.m */ = {isa = PBXFileReference; fileEncoding = 4; lastKnownFileType = sourcecode.c.objc; path = AbstractMessage.m; sourceTree = "<group>"; };
		1000000000000000000003C9 /* AbstractMessage_Builder.h */ = {isa = PBXFileReference; fileEncoding = 4; lastKnownFileType = sourcecode.c.h; path = AbstractMessage_Builder.h; sourceTree = "<group>"; };
		1000000000000000000003CA /* AbstractMessage_Builder.m */ = {isa = PBXFileReference; fileEncoding = 4; lastKnownFileType = sourcecode.c.objc; path = AbstractMessage_Builder.m; sourceTree = "<group>"; };
		10000000000000000000057D /* Bootstrap.h */ = {isa = PBXFileReference; fileEncoding = 4; lastKnownFileType = sourcecode.c.h; name = Bootstrap.h; path = Classes/Bootstrap.h; sourceTree = "<group>"; };
		1000000000000000000006BB /* CodedInputStream.h */ = {isa = PBXFileReference; fileEncoding = 4; lastKnownFileType = sourcecode.c.h; path = CodedInputStream.h; sourceTree = "<group>"; };
		1000000000000000000006BC /* CodedInputStream.m */ = {isa = PBXFileReference; fileEncoding = 4; lastKnownFileType = sourcecode.c.objc; path = CodedInputStream.m; sourceTree = "<group>"; };
		1000000000000000000006BF /* CodedInputStreamTests.h */ = {isa = PBXFileReference; fileEncoding = 4; lastKnownFileType = sourcecode.c.h; name = CodedInputStreamTests.h; path = Tests/CodedInputStreamTests.h; sourceTree = "<group>"; };
		1000000000000000000006C0 /* CodedInputStreamTests.m */ = {isa = PBXFileReference; fileEncoding = 4; lastKnownFileType = sourcecode.c.objc; name = CodedInputStreamTests.m; path = Tests/CodedInputStreamTests.m; sourceTree = "<group>"; };
		1000000000000000000006C2 /* CodedOuputStreamTests.h */ = {isa = PBXFileReference; fileEncoding = 4; lastKnownFileType = sourcecode.c.h; name = CodedOuputStreamTests.h; path = Tests/CodedOuputStreamTests.h; sourceTree = "<group>"; };
		1000000000000000000006C3 /* CodedOuputStreamTests.m */ = {isa = PBXFileReference; fileEncoding = 4; lastKnownFileType = sourcecode.c.objc; name = CodedOuputStreamTests.m; path = Tests/CodedOuputStreamTests.m; sourceTree = "<group>"; };
		1000000000000000000006C5 /* CodedOutputStream.h */ = {isa = PBXFileReference; fileEncoding = 4; lastKnownFileType = sourcecode.c.h; path = CodedOutputStream.h; sourceTree = "<group>"; };
		1000000000000000000006C6 /* CodedOutputStream.m */ = {isa = PBXFileReference; fileEncoding = 4; lastKnownFileType = sourcecode.c.objc; path = CodedOutputStream.m; sourceTree = "<group>"; };
		1000000000000000000007AE /* CommandLineTests.app */ = {isa = PBXFileReference; explicitFileType = wrapper.application; includeInIndex = 0; path = CommandLineTests.app; sourceTree = BUILT_PRODUCTS_DIR; };
		1000000000000000000007B7 /* ConcreteExtensionField.h */ = {isa = PBXFileReference; fileEncoding = 4; lastKnownFileType = sourcecode.c.h; path = ConcreteExtensionField.h; sourceTree = "<group>"; };
		1000000000000000000007B9 /* ConcreteExtensionField.m */ = {isa = PBXFileReference; fileEncoding = 4; lastKnownFileType = sourcecode.c.objc; path = ConcreteExtensionField.m; sourceTree = "<group>"; };
		100000000000000000000810 /* CoreTests.h */ = {isa = PBXFileReference; fileEncoding = 4; lastKnownFileType = sourcecode.c.h; name = CoreTests.h; path = Tests/CoreTests.h; sourceTree = "<group>"; };
		100000000000000000000811 /* CoreTests.m */ = {isa = PBXFileReference; fileEncoding = 4; lastKnownFileType = sourcecode.c.objc; name = CoreTests.m; path = Tests/CoreTests.m; sourceTree = "<group>"; };
		10000000000000000000094A /* ExtendableMessage.h */ = {isa = PBXFileReference; fileEncoding = 4; lastKnownFileType = sourcecode.c.h; path = ExtendableMessage.h; sourceTree = "<group>"; };
		10000000000000000000094B /* ExtendableMessage.m */ = {isa = PBXFileReference; fileEncoding = 4; lastKnownFileType = sourcecode.c.objc; path = ExtendableMessage.m; sourceTree = "<group>"; };
		10000000000000000000094E /* ExtendableMessage_Builder.h */ = {isa = PBXFileReference; fileEncoding = 4; lastKnownFileType = sourcecode.c.h; path = ExtendableMessage_Builder.h; sourceTree = "<group>"; };
		100000000000000000000950 /* ExtendableMessage_Builder.m */ = {isa = PBXFileReference; fileEncoding = 4; lastKnownFileType = sourcecode.c.objc; path = ExtendableMessage_Builder.m; sourceTree = "<group>"; };
		100000000000000000000953 /* ExtensionField.h */ = {isa = PBXFileReference; fileEncoding = 4; lastKnownFileType = sourcecode.c.h; path = ExtensionField.h; sourceTree = "<group>"; };
		100000000000000000000955 /* ExtensionRegistry.h */ = {isa = PBXFileReference; fileEncoding = 4; lastKnownFileType = sourcecode.c.h; path = ExtensionRegistry.h; sourceTree = "<group>"; };
		100000000000000000000956 /* ExtensionRegistry.m */ = {isa = PBXFileReference; fileEncoding = 4; lastKnownFileType = sourcecode.c.objc; path = ExtensionRegistry.m; sourceTree = "<group>"; };
		1000000000000000000009B3 /* Field.h */ = {isa = PBXFileReference; fileEncoding = 4; lastKnownFileType = sourcecode.c.h; path = Field.h; sourceTree = "<group>"; };
		1000000000000000000009B4 /* Field.m */ = {isa = PBXFileReference; fileEncoding = 4; lastKnownFileType = sourcecode.c.objc; path = Field.m; sourceTree = "<group>"; };
		1000000000000000000009CE /* ForwardDeclarations.h */ = {isa = PBXFileReference; fileEncoding = 4; lastKnownFileType = sourcecode.c.h; name = ForwardDeclarations.h; path = Classes/ForwardDeclarations.h; sourceTree = "<group>"; };
		1000000000000000000009DF /* Foundation.framework */ = {isa = PBXFileReference; lastKnownFileType = wrapper.framework; name = Foundation.framework; path = System/Library/Frameworks/Foundation.framework; sourceTree = SDKROOT; };
		100000000000000000000A4D /* GeneratedMessage.h */ = {isa = PBXFileReference; fileEncoding = 4; lastKnownFileType = sourcecode.c.h; path = GeneratedMessage.h; sourceTree = "<group>"; };
		100000000000000000000A4E /* GeneratedMessage.m */ = {isa = PBXFileReference; fileEncoding = 4; lastKnownFileType = sourcecode.c.objc; path = GeneratedMessage.m; sourceTree = "<group>"; };
		100000000000000000000A51 /* GeneratedMessageTests.h */ = {isa = PBXFileReference; fileEncoding = 4; lastKnownFileType = sourcecode.c.h; name = GeneratedMessageTests.h; path = Tests/GeneratedMessageTests.h; sourceTree = "<group>"; };
		100000000000000000000A52 /* GeneratedMessageTests.m */ = {isa = PBXFileReference; fileEncoding = 4; lastKnownFileType = sourcecode.c.objc; name = GeneratedMessageTests.m; path = Tests/GeneratedMessageTests.m; sourceTree = "<group>"; };
		100000000000000000000A54 /* GeneratedMessage_Builder.h */ = {isa = PBXFileReference; fileEncoding = 4; lastKnownFileType = sourcecode.c.h; path = GeneratedMessage_Builder.h; sourceTree = "<group>"; };
		100000000000000000000A55 /* GeneratedMessage_Builder.m */ = {isa = PBXFileReference; fileEncoding = 4; lastKnownFileType = sourcecode.c.objc; path = GeneratedMessage_Builder.m; sourceTree = "<group>"; };
		100000000000000000000C92 /* Main.m */ = {isa = PBXFileReference; fileEncoding = 4; lastKnownFileType = sourcecode.c.objc; path = Main.m; sourceTree = "<group>"; };
		100000000000000000000CF2 /* Message.h */ = {isa = PBXFileReference; fileEncoding = 4; lastKnownFileType = sourcecode.c.h; path = Message.h; sourceTree = "<group>"; };
		100000000000000000000CF6 /* MessageTests.h */ = {isa = PBXFileReference; fileEncoding = 4; lastKnownFileType = sourcecode.c.h; name = MessageTests.h; path = Tests/MessageTests.h; sourceTree = "<group>"; };
		100000000000000000000CF7 /* MessageTests.m */ = {isa = PBXFileReference; fileEncoding = 4; lastKnownFileType = sourcecode.c.objc; name = MessageTests.m; path = Tests/MessageTests.m; sourceTree = "<group>"; };
		100000000000000000000D11 /* Message_Builder.h */ = {isa = PBXFileReference; fileEncoding = 4; lastKnownFileType = sourcecode.c.h; path = Message_Builder.h; sourceTree = "<group>"; };
		100000000000000000000D53 /* MicroTest.h */ = {isa = PBXFileReference; fileEncoding = 4; lastKnownFileType = sourcecode.c.h; name = MicroTest.h; path = Tests/MicroTest.h; sourceTree = "<group>"; };
		100000000000000000000D54 /* MicroTest.m */ = {isa = PBXFileReference; fileEncoding = 4; lastKnownFileType = sourcecode.c.objc; name = MicroTest.m; path = Tests/MicroTest.m; sourceTree = "<group>"; };
		100000000000000000000D8B /* MutableExtensionRegistry.h */ = {isa = PBXFileReference; fileEncoding = 4; lastKnownFileType = sourcecode.c.h; path = MutableExtensionRegistry.h; sourceTree = "<group>"; };
		100000000000000000000D8D /* MutableExtensionRegistry.m */ = {isa = PBXFileReference; fileEncoding = 4; lastKnownFileType = sourcecode.c.objc; path = MutableExtensionRegistry.m; sourceTree = "<group>"; };
		100000000000000000000D90 /* MutableField.h */ = {isa = PBXFileReference; fileEncoding = 4; lastKnownFileType = sourcecode.c.h; path = MutableField.h; sourceTree = "<group>"; };
		100000000000000000000D91 /* MutableField.m */ = {isa = PBXFileReference; fileEncoding = 4; lastKnownFileType = sourcecode.c.objc; path = MutableField.m; sourceTree = "<group>"; };
		1000000000000000000010C4 /* ProtocolBuffers-Info.plist */ = {isa = PBXFileReference; fileEncoding = 4; lastKnownFileType = text.plist.xml; path = "ProtocolBuffers-Info.plist"; plistStructureDefinitionIdentifier = "com.apple.xcode.plist.structure-definition.iphone.info-plist"; sourceTree = "<group>"; };
		1000000000000000000010C6 /* ProtocolBuffers.h */ = {isa = PBXFileReference; fileEncoding = 4; lastKnownFileType = sourcecode.c.h; name = ProtocolBuffers.h; path = Classes/ProtocolBuffers.h; sourceTree = "<group>"; };
		1000000000000000000010C9 /* ProtocolBuffers_Prefix.pch */ = {isa = PBXFileReference; fileEncoding = 4; lastKnownFileType = sourcecode.c.h; path = ProtocolBuffers_Prefix.pch; sourceTree = "<group>"; };
		10000000000000000000122B /* SenTestingKit.framework */ = {isa = PBXFileReference; lastKnownFileType = wrapper.framework; name = SenTestingKit.framework; path = Library/Frameworks/SenTestingKit.framework; sourceTree = DEVELOPER_DIR; };
		10000000000000000000129C /* SmallBlockInputStream.h */ = {isa = PBXFileReference; fileEncoding = 4; lastKnownFileType = sourcecode.c.h; name = SmallBlockInputStream.h; path = Tests/SmallBlockInputStream.h; sourceTree = "<group>"; };
		10000000000000000000129D /* SmallBlockInputStream.m */ = {isa = PBXFileReference; fileEncoding = 4; lastKnownFileType = sourcecode.c.objc; name = SmallBlockInputStream.m; path = Tests/SmallBlockInputStream.m; sourceTree = "<group>"; };
		100000000000000000001573 /* TestUtilities.h */ = {isa = PBXFileReference; fileEncoding = 4; lastKnownFileType = sourcecode.c.h; name = TestUtilities.h; path = Tests/TestUtilities.h; sourceTree = "<group>"; };
		100000000000000000001574 /* TestUtilities.m */ = {isa = PBXFileReference; fileEncoding = 4; lastKnownFileType = sourcecode.c.objc; name = TestUtilities.m; path = Tests/TestUtilities.m; sourceTree = "<group>"; };
		10000000000000000000157F /* TextFormat.h */ = {isa = PBXFileReference; fileEncoding = 4; lastKnownFileType = sourcecode.c.h; path = TextFormat.h; sourceTree = "<group>"; };
		100000000000000000001580 /* TextFormat.m */ = {isa = PBXFileReference; fileEncoding = 4; lastKnownFileType = sourcecode.c.objc; path = TextFormat.m; sourceTree = "<group>"; };
		100000000000000000001709 /* UnitTests-Info.plist */ = {isa = PBXFileReference; lastKnownFileType = text.plist.xml; path = "UnitTests-Info.plist"; sourceTree = "<group>"; };
		10000000000000000000170B /* UnitTests.octest */ = {isa = PBXFileReference; explicitFileType = wrapper.cfbundle; includeInIndex = 0; path = UnitTests.octest; sourceTree = BUILT_PRODUCTS_DIR; };
		10000000000000000000170F /* Unittest.pb.h */ = {isa = PBXFileReference; fileEncoding = 4; lastKnownFileType = sourcecode.c.h; name = Unittest.pb.h; path = Tests/Unittest.pb.h; sourceTree = "<group>"; };
		100000000000000000001710 /* Unittest.pb.m */ = {isa = PBXFileReference; fileEncoding = 4; lastKnownFileType = sourcecode.c.objc; name = Unittest.pb.m; path = Tests/Unittest.pb.m; sourceTree = "<group>"; };
		100000000000000000001713 /* UnittestEmbedOptimizeFor.pb.h */ = {isa = PBXFileReference; fileEncoding = 4; lastKnownFileType = sourcecode.c.h; name = UnittestEmbedOptimizeFor.pb.h; path = Tests/UnittestEmbedOptimizeFor.pb.h; sourceTree = "<group>"; };
		100000000000000000001714 /* UnittestEmbedOptimizeFor.pb.m */ = {isa = PBXFileReference; fileEncoding = 4; lastKnownFileType = sourcecode.c.objc; name = UnittestEmbedOptimizeFor.pb.m; path = Tests/UnittestEmbedOptimizeFor.pb.m; sourceTree = "<group>"; };
		100000000000000000001716 /* UnittestImport.pb.h */ = {isa = PBXFileReference; fileEncoding = 4; lastKnownFileType = sourcecode.c.h; name = UnittestImport.pb.h; path = Tests/UnittestImport.pb.h; sourceTree = "<group>"; };
		100000000000000000001717 /* UnittestImport.pb.m */ = {isa = PBXFileReference; fileEncoding = 4; lastKnownFileType = sourcecode.c.objc; name = UnittestImport.pb.m; path = Tests/UnittestImport.pb.m; sourceTree = "<group>"; };
		10000000000000000000171A /* UnittestMset.pb.h */ = {isa = PBXFileReference; fileEncoding = 4; lastKnownFileType = sourcecode.c.h; name = UnittestMset.pb.h; path = Tests/UnittestMset.pb.h; sourceTree = "<group>"; };
		10000000000000000000171B /* UnittestMset.pb.m */ = {isa = PBXFileReference; fileEncoding = 4; lastKnownFileType = sourcecode.c.objc; name = UnittestMset.pb.m; path = Tests/UnittestMset.pb.m; sourceTree = "<group>"; };
		10000000000000000000171D /* UnittestOptimizeFor.pb.h */ = {isa = PBXFileReference; fileEncoding = 4; lastKnownFileType = sourcecode.c.h; name = UnittestOptimizeFor.pb.h; path = Tests/UnittestOptimizeFor.pb.h; sourceTree = "<group>"; };
		10000000000000000000171E /* UnittestOptimizeFor.pb.m */ = {isa = PBXFileReference; fileEncoding = 4; lastKnownFileType = sourcecode.c.objc; name = UnittestOptimizeFor.pb.m; path = Tests/UnittestOptimizeFor.pb.m; sourceTree = "<group>"; };
		100000000000000000001720 /* UnknownFieldSet.h */ = {isa = PBXFileReference; fileEncoding = 4; lastKnownFileType = sourcecode.c.h; path = UnknownFieldSet.h; sourceTree = "<group>"; };
		100000000000000000001721 /* UnknownFieldSet.m */ = {isa = PBXFileReference; fileEncoding = 4; lastKnownFileType = sourcecode.c.objc; path = UnknownFieldSet.m; sourceTree = "<group>"; };
		100000000000000000001724 /* UnknownFieldSetTest.h */ = {isa = PBXFileReference; fileEncoding = 4; lastKnownFileType = sourcecode.c.h; name = UnknownFieldSetTest.h; path = Tests/UnknownFieldSetTest.h; sourceTree = "<group>"; };
		100000000000000000001725 /* UnknownFieldSetTest.m */ = {isa = PBXFileReference; fileEncoding = 4; lastKnownFileType = sourcecode.c.objc; name = UnknownFieldSetTest.m; path = Tests/UnknownFieldSetTest.m; sourceTree = "<group>"; };
		100000000000000000001728 /* UnknownFieldSet_Builder.h */ = {isa = PBXFileReference; fileEncoding = 4; lastKnownFileType = sourcecode.c.h; path = UnknownFieldSet_Builder.h; sourceTree = "<group>"; };
		100000000000000000001729 /* UnknownFieldSet_Builder.m */ = {isa = PBXFileReference; fileEncoding = 4; lastKnownFileType = sourcecode.c.objc; path = UnknownFieldSet_Builder.m; sourceTree = "<group>"; };
		10000000000000000000174F /* Utilities.h */ = {isa = PBXFileReference; fileEncoding = 4; lastKnownFileType = sourcecode.c.h; path = Utilities.h; sourceTree = "<group>"; };
		100000000000000000001752 /* Utilities.m */ = {isa = PBXFileReference; fileEncoding = 4; lastKnownFileType = sourcecode.c.objc; path = Utilities.m; sourceTree = "<group>"; };
		100000000000000000001757 /* UtilitiesTests.h */ = {isa = PBXFileReference; fileEncoding = 4; lastKnownFileType = sourcecode.c.h; name = UtilitiesTests.h; path = Tests/UtilitiesTests.h; sourceTree = "<group>"; };
		100000000000000000001758 /* UtilitiesTests.m */ = {isa = PBXFileReference; fileEncoding = 4; lastKnownFileType = sourcecode.c.objc; name = UtilitiesTests.m; path = Tests/UtilitiesTests.m; sourceTree = "<group>"; };
		100000000000000000001785 /* WireFormat.h */ = {isa = PBXFileReference; fileEncoding = 4; lastKnownFileType = sourcecode.c.h; path = WireFormat.h; sourceTree = "<group>"; };
		100000000000000000001786 /* WireFormat.m */ = {isa = PBXFileReference; fileEncoding = 4; lastKnownFileType = sourcecode.c.objc; path = WireFormat.m; sourceTree = "<group>"; };
		100000000000000000001789 /* WireFormatTests.h */ = {isa = PBXFileReference; fileEncoding = 4; lastKnownFileType = sourcecode.c.h; name = WireFormatTests.h; path = Tests/WireFormatTests.h; sourceTree = "<group>"; };
		10000000000000000000178A /* WireFormatTests.m */ = {isa = PBXFileReference; fileEncoding = 4; lastKnownFileType = sourcecode.c.objc; name = WireFormatTests.m; path = Tests/WireFormatTests.m; sourceTree = "<group>"; };
		100000000000000000001944 /* libProtocolBuffers.a */ = {isa = PBXFileReference; explicitFileType = archive.ar; includeInIndex = 0; path = libProtocolBuffers.a; sourceTree = BUILT_PRODUCTS_DIR; };
/* End PBXFileReference section */

/* Begin PBXFrameworksBuildPhase section */
		100000000000000000000A2E /* Frameworks */ = {
			isa = PBXFrameworksBuildPhase;
			buildActionMask = 2147483647;
			files = (
				10000000000000000000122D /* SenTestingKit.framework in Frameworks */,
				1000000000000000000009EF /* Foundation.framework in Frameworks */,
			);
			runOnlyForDeploymentPostprocessing = 0;
		};
		100000000000000000000A2C /* Frameworks */ = {
			isa = PBXFrameworksBuildPhase;
			buildActionMask = 2147483647;
			files = (
				100000000000000000001946 /* libProtocolBuffers.a in Frameworks */,
				10000000000000000000122C /* SenTestingKit.framework in Frameworks */,
			);
			runOnlyForDeploymentPostprocessing = 0;
		};
		100000000000000000000A2F /* Frameworks */ = {
			isa = PBXFrameworksBuildPhase;
			buildActionMask = 2147483647;
			files = (
				1000000000000000000009EE /* Foundation.framework in Frameworks */,
			);
			runOnlyForDeploymentPostprocessing = 0;
		};
/* End PBXFrameworksBuildPhase section */

/* Begin PBXGroup section */
		1000000000000000000006B1 /* Classes */ = {
			isa = PBXGroup;
			children = (
				100000000000000000000959 /* Extensions */,
				1000000000000000000009B7 /* Fields */,
				100000000000000000000A4C /* GeneratedMessage */,
				100000000000000000000A9D /* IO */,
				100000000000000000000D12 /* Messages */,
				10000000000000000000174F /* Utilities.h */,
				100000000000000000001752 /* Utilities.m */,
				100000000000000000000C92 /* Main.m */,
			);
			path = Classes;
			sourceTree = "<group>";
		};
		100000000000000000000860 /* CustomTemplate */ = {
			isa = PBXGroup;
			children = (
				100000000000000000001578 /* Tests */,
				1000000000000000000006B1 /* Classes */,
				100000000000000000000EDB /* Other Sources */,
				10000000000000000000117A /* Resources */,
				100000000000000000000A2D /* Frameworks */,
				1000000000000000000010B5 /* Products */,
			);
			name = CustomTemplate;
			sourceTree = "<group>";
		};
		100000000000000000000959 /* Extensions */ = {
			isa = PBXGroup;
			children = (
				1000000000000000000007B7 /* ConcreteExtensionField.h */,
				10000000000000000000094A /* ExtendableMessage.h */,
				10000000000000000000094E /* ExtendableMessage_Builder.h */,
				100000000000000000000953 /* ExtensionField.h */,
				100000000000000000000955 /* ExtensionRegistry.h */,
				100000000000000000000D8B /* MutableExtensionRegistry.h */,
				1000000000000000000007B9 /* ConcreteExtensionField.m */,
				10000000000000000000094B /* ExtendableMessage.m */,
				100000000000000000000950 /* ExtendableMessage_Builder.m */,
				100000000000000000000956 /* ExtensionRegistry.m */,
				100000000000000000000D8D /* MutableExtensionRegistry.m */,
			);
			name = Extensions;
			sourceTree = "<group>";
		};
		1000000000000000000009B7 /* Fields */ = {
			isa = PBXGroup;
			children = (
				1000000000000000000009B3 /* Field.h */,
				100000000000000000000D90 /* MutableField.h */,
				100000000000000000001720 /* UnknownFieldSet.h */,
				100000000000000000001728 /* UnknownFieldSet_Builder.h */,
				1000000000000000000009B4 /* Field.m */,
				100000000000000000000D91 /* MutableField.m */,
				100000000000000000001721 /* UnknownFieldSet.m */,
				100000000000000000001729 /* UnknownFieldSet_Builder.m */,
			);
			name = Fields;
			sourceTree = "<group>";
		};
		100000000000000000000A2D /* Frameworks */ = {
			isa = PBXGroup;
			children = (
				10000000000000000000122B /* SenTestingKit.framework */,
				1000000000000000000009DF /* Foundation.framework */,
			);
			name = Frameworks;
			sourceTree = "<group>";
		};
		100000000000000000000A4C /* GeneratedMessage */ = {
			isa = PBXGroup;
			children = (
				100000000000000000000A4D /* GeneratedMessage.h */,
				100000000000000000000A54 /* GeneratedMessage_Builder.h */,
				100000000000000000000A4E /* GeneratedMessage.m */,
				100000000000000000000A55 /* GeneratedMessage_Builder.m */,
			);
			name = GeneratedMessage;
			sourceTree = "<group>";
		};
		100000000000000000000A9D /* IO */ = {
			isa = PBXGroup;
			children = (
				1000000000000000000006BB /* CodedInputStream.h */,
				1000000000000000000006C5 /* CodedOutputStream.h */,
				10000000000000000000157F /* TextFormat.h */,
				100000000000000000001785 /* WireFormat.h */,
				1000000000000000000006BC /* CodedInputStream.m */,
				1000000000000000000006C6 /* CodedOutputStream.m */,
				100000000000000000001580 /* TextFormat.m */,
				100000000000000000001786 /* WireFormat.m */,
			);
			name = IO;
			sourceTree = "<group>";
		};
		100000000000000000000D12 /* Messages */ = {
			isa = PBXGroup;
			children = (
				1000000000000000000003C5 /* AbstractMessage.h */,
				1000000000000000000003C9 /* AbstractMessage_Builder.h */,
				100000000000000000000CF2 /* Message.h */,
				100000000000000000000D11 /* Message_Builder.h */,
				1000000000000000000003C6 /* AbstractMessage.m */,
				1000000000000000000003CA /* AbstractMessage_Builder.m */,
			);
			name = Messages;
			sourceTree = "<group>";
		};
		100000000000000000000EDB /* Other Sources */ = {
			isa = PBXGroup;
			children = (
				1000000000000000000010C9 /* ProtocolBuffers_Prefix.pch */,
				10000000000000000000057D /* Bootstrap.h */,
				1000000000000000000009CE /* ForwardDeclarations.h */,
				1000000000000000000010C6 /* ProtocolBuffers.h */,
			);
			name = "Other Sources";
			sourceTree = "<group>";
		};
		1000000000000000000010B5 /* Products */ = {
			isa = PBXGroup;
			children = (
				100000000000000000001944 /* libProtocolBuffers.a */,
				10000000000000000000170B /* UnitTests.octest */,
				1000000000000000000007AE /* CommandLineTests.app */,
			);
			name = Products;
			sourceTree = "<group>";
		};
		10000000000000000000117A /* Resources */ = {
			isa = PBXGroup;
			children = (
				1000000000000000000010C4 /* ProtocolBuffers-Info.plist */,
				100000000000000000001709 /* UnitTests-Info.plist */,
			);
			name = Resources;
			sourceTree = "<group>";
		};
		100000000000000000001578 /* Tests */ = {
			isa = PBXGroup;
			children = (
				1000000000000000000006BF /* CodedInputStreamTests.h */,
				1000000000000000000006C2 /* CodedOuputStreamTests.h */,
				100000000000000000000810 /* CoreTests.h */,
				100000000000000000000A51 /* GeneratedMessageTests.h */,
				100000000000000000000CF6 /* MessageTests.h */,
				100000000000000000000D53 /* MicroTest.h */,
				10000000000000000000129C /* SmallBlockInputStream.h */,
				100000000000000000001573 /* TestUtilities.h */,
				10000000000000000000170F /* Unittest.pb.h */,
				100000000000000000001713 /* UnittestEmbedOptimizeFor.pb.h */,
				100000000000000000001716 /* UnittestImport.pb.h */,
				10000000000000000000171A /* UnittestMset.pb.h */,
				10000000000000000000171D /* UnittestOptimizeFor.pb.h */,
				100000000000000000001724 /* UnknownFieldSetTest.h */,
				100000000000000000001757 /* UtilitiesTests.h */,
				100000000000000000001789 /* WireFormatTests.h */,
				1000000000000000000006C0 /* CodedInputStreamTests.m */,
				1000000000000000000006C3 /* CodedOuputStreamTests.m */,
				100000000000000000000811 /* CoreTests.m */,
				100000000000000000000A52 /* GeneratedMessageTests.m */,
				100000000000000000000CF7 /* MessageTests.m */,
				100000000000000000000D54 /* MicroTest.m */,
				10000000000000000000129D /* SmallBlockInputStream.m */,
				100000000000000000001574 /* TestUtilities.m */,
				100000000000000000001710 /* Unittest.pb.m */,
				100000000000000000001714 /* UnittestEmbedOptimizeFor.pb.m */,
				100000000000000000001717 /* UnittestImport.pb.m */,
				10000000000000000000171B /* UnittestMset.pb.m */,
				10000000000000000000171E /* UnittestOptimizeFor.pb.m */,
				100000000000000000001725 /* UnknownFieldSetTest.m */,
				100000000000000000001758 /* UtilitiesTests.m */,
				10000000000000000000178A /* WireFormatTests.m */,
			);
			name = Tests;
			sourceTree = "<group>";
		};
/* End PBXGroup section */

/* Begin PBXHeadersBuildPhase section */
		100000000000000000000A74 /* Headers */ = {
			isa = PBXHeadersBuildPhase;
			buildActionMask = 2147483647;
			files = (
				100000000000000000000D8C /* MutableExtensionRegistry.h in Headers */,
				100000000000000000000954 /* ExtensionField.h in Headers */,
				10000000000000000000094F /* ExtendableMessage_Builder.h in Headers */,
				1000000000000000000007B8 /* ConcreteExtensionField.h in Headers */,
			);
			runOnlyForDeploymentPostprocessing = 0;
		};
/* End PBXHeadersBuildPhase section */

/* Begin PBXNativeTarget section */
		1000000000000000000007AD /* CommandLineTests */ = {
			isa = PBXNativeTarget;
			buildConfigurationList = 10000000000000000000061E /* Build configuration list for PBXNativeTarget "CommandLineTests" */;
			buildPhases = (
				100000000000000000001178 /* Resources */,
				1000000000000000000012D4 /* Sources */,
				100000000000000000000A2E /* Frameworks */,
			);
			buildRules = (
			);
			dependencies = (
			);
			name = CommandLineTests;
			productName = CommandLineTests;
			productReference = 1000000000000000000007AE /* CommandLineTests.app */;
			productType = "com.apple.product-type.application";
		};
		1000000000000000000010C3 /* ProtocolBuffers */ = {
			isa = PBXNativeTarget;
			buildConfigurationList = 10000000000000000000062B /* Build configuration list for PBXNativeTarget "ProtocolBuffers" */;
			buildPhases = (
				100000000000000000000A74 /* Headers */,
				1000000000000000000012AD /* Sources */,
				100000000000000000000A2F /* Frameworks */,
			);
			buildRules = (
			);
			dependencies = (
			);
			name = ProtocolBuffers;
			productName = "ProtocolBuffers-iPhoneDevice";
			productReference = 100000000000000000001944 /* libProtocolBuffers.a */;
			productType = "com.apple.product-type.library.static";
		};
		100000000000000000001708 /* UnitTests */ = {
			isa = PBXNativeTarget;
			buildConfigurationList = 100000000000000000000635 /* Build configuration list for PBXNativeTarget "UnitTests" */;
			buildPhases = (
				10000000000000000000117D /* Resources */,
				1000000000000000000012D5 /* Sources */,
				100000000000000000000A2C /* Frameworks */,
				100000000000000000001282 /* ShellScript */,
			);
			buildRules = (
			);
			dependencies = (
				100000000000000000000FDE /* PBXTargetDependency */,
			);
			name = UnitTests;
			productName = UnitTests;
			productReference = 10000000000000000000170B /* UnitTests.octest */;
			productType = "com.apple.product-type.bundle";
		};
/* End PBXNativeTarget section */

/* Begin PBXProject section */
		1000000000000000000010BF /* Project object */ = {
			isa = PBXProject;
			buildConfigurationList = 100000000000000000000681 /* Build configuration list for PBXProject "ProtocolBuffers" */;
			compatibilityVersion = "Xcode 3.1";
			hasScannedForEncodings = 1;
			mainGroup = 100000000000000000000860 /* CustomTemplate */;
			projectDirPath = "";
			projectRoot = "";
			targets = (
				1000000000000000000010C3 /* ProtocolBuffers */,
				100000000000000000001708 /* UnitTests */,
				1000000000000000000007AD /* CommandLineTests */,
			);
		};
/* End PBXProject section */

/* Begin PBXResourcesBuildPhase section */
		100000000000000000001178 /* Resources */ = {
			isa = PBXResourcesBuildPhase;
			buildActionMask = 2147483647;
			files = (
			);
			runOnlyForDeploymentPostprocessing = 0;
		};
		10000000000000000000117D /* Resources */ = {
			isa = PBXResourcesBuildPhase;
			buildActionMask = 2147483647;
			files = (
			);
			runOnlyForDeploymentPostprocessing = 0;
		};
/* End PBXResourcesBuildPhase section */

/* Begin PBXShellScriptBuildPhase section */
		100000000000000000001282 /* ShellScript */ = {
			isa = PBXShellScriptBuildPhase;
			buildActionMask = 2147483647;
			files = (
			);
			inputPaths = (
			);
			outputPaths = (
			);
			runOnlyForDeploymentPostprocessing = 0;
			shellPath = /bin/sh;
			shellScript = "# Run the unit tests in this test bundle.\n\"${SYSTEM_DEVELOPER_DIR}/Tools/RunUnitTests\"\n";
		};
/* End PBXShellScriptBuildPhase section */

/* Begin PBXSourcesBuildPhase section */
		1000000000000000000012D4 /* Sources */ = {
			isa = PBXSourcesBuildPhase;
			buildActionMask = 2147483647;
			files = (
				10000000000000000000178C /* WireFormatTests.m in Sources */,
				100000000000000000001576 /* TestUtilities.m in Sources */,
				100000000000000000001726 /* UnknownFieldSetTest.m in Sources */,
				100000000000000000001718 /* UnittestImport.pb.m in Sources */,
				100000000000000000001711 /* Unittest.pb.m in Sources */,
				100000000000000000000CF9 /* MessageTests.m in Sources */,
				1000000000000000000003C8 /* AbstractMessage.m in Sources */,
				1000000000000000000003CC /* AbstractMessage_Builder.m in Sources */,
				1000000000000000000006BD /* CodedInputStream.m in Sources */,
				1000000000000000000006C8 /* CodedOutputStream.m in Sources */,
				10000000000000000000094D /* ExtendableMessage.m in Sources */,
				100000000000000000000957 /* ExtensionRegistry.m in Sources */,
				1000000000000000000009B6 /* Field.m in Sources */,
				100000000000000000000A50 /* GeneratedMessage.m in Sources */,
				100000000000000000000A57 /* GeneratedMessage_Builder.m in Sources */,
				100000000000000000000D93 /* MutableField.m in Sources */,
				100000000000000000001582 /* TextFormat.m in Sources */,
				100000000000000000001722 /* UnknownFieldSet.m in Sources */,
				10000000000000000000172B /* UnknownFieldSet_Builder.m in Sources */,
				100000000000000000001756 /* Utilities.m in Sources */,
				100000000000000000001788 /* WireFormat.m in Sources */,
				100000000000000000000D8F /* MutableExtensionRegistry.m in Sources */,
				100000000000000000000952 /* ExtendableMessage_Builder.m in Sources */,
				1000000000000000000007BA /* ConcreteExtensionField.m in Sources */,
				100000000000000000000C93 /* Main.m in Sources */,
			);
			runOnlyForDeploymentPostprocessing = 0;
		};
		1000000000000000000012AD /* Sources */ = {
			isa = PBXSourcesBuildPhase;
			buildActionMask = 2147483647;
			files = (
				1000000000000000000003C7 /* AbstractMessage.m in Sources */,
				1000000000000000000003CB /* AbstractMessage_Builder.m in Sources */,
				1000000000000000000006BE /* CodedInputStream.m in Sources */,
				1000000000000000000006C7 /* CodedOutputStream.m in Sources */,
				10000000000000000000094C /* ExtendableMessage.m in Sources */,
				100000000000000000000958 /* ExtensionRegistry.m in Sources */,
				1000000000000000000009B5 /* Field.m in Sources */,
				100000000000000000000A4F /* GeneratedMessage.m in Sources */,
				100000000000000000000A56 /* GeneratedMessage_Builder.m in Sources */,
				100000000000000000000D92 /* MutableField.m in Sources */,
				100000000000000000001581 /* TextFormat.m in Sources */,
				100000000000000000001723 /* UnknownFieldSet.m in Sources */,
				10000000000000000000172A /* UnknownFieldSet_Builder.m in Sources */,
				100000000000000000001755 /* Utilities.m in Sources */,
				100000000000000000001787 /* WireFormat.m in Sources */,
				100000000000000000000D8E /* MutableExtensionRegistry.m in Sources */,
				100000000000000000000951 /* ExtendableMessage_Builder.m in Sources */,
				1000000000000000000007BB /* ConcreteExtensionField.m in Sources */,
			);
			runOnlyForDeploymentPostprocessing = 0;
		};
		1000000000000000000012D5 /* Sources */ = {
			isa = PBXSourcesBuildPhase;
			buildActionMask = 2147483647;
			files = (
				1000000000000000000006C1 /* CodedInputStreamTests.m in Sources */,
				1000000000000000000006C4 /* CodedOuputStreamTests.m in Sources */,
				100000000000000000000812 /* CoreTests.m in Sources */,
				100000000000000000000A53 /* GeneratedMessageTests.m in Sources */,
				100000000000000000000CF8 /* MessageTests.m in Sources */,
				100000000000000000000D55 /* MicroTest.m in Sources */,
				10000000000000000000129E /* SmallBlockInputStream.m in Sources */,
				100000000000000000001575 /* TestUtilities.m in Sources */,
				100000000000000000001712 /* Unittest.pb.m in Sources */,
				100000000000000000001715 /* UnittestEmbedOptimizeFor.pb.m in Sources */,
				100000000000000000001719 /* UnittestImport.pb.m in Sources */,
				10000000000000000000171C /* UnittestMset.pb.m in Sources */,
				10000000000000000000171F /* UnittestOptimizeFor.pb.m in Sources */,
				100000000000000000001727 /* UnknownFieldSetTest.m in Sources */,
				100000000000000000001759 /* UtilitiesTests.m in Sources */,
				10000000000000000000178B /* WireFormatTests.m in Sources */,
			);
			runOnlyForDeploymentPostprocessing = 0;
		};
/* End PBXSourcesBuildPhase section */

/* Begin PBXTargetDependency section */
		100000000000000000000FDE /* PBXTargetDependency */ = {
			isa = PBXTargetDependency;
			target = 1000000000000000000010C3 /* ProtocolBuffers */;
			targetProxy = 100000000000000000000F6C /* PBXContainerItemProxy */;
		};
/* End PBXTargetDependency section */

/* Begin XCBuildConfiguration section */
		1000000000000000000008D6 /* Debug */ = {
			isa = XCBuildConfiguration;
			buildSettings = {
				ARCHS = "$(ARCHS_STANDARD_32_BIT)";
				"CODE_SIGN_IDENTITY[sdk=iphoneos*]" = "iPhone Developer";
				GCC_C_LANGUAGE_STANDARD = c99;
				GCC_DYNAMIC_NO_PIC = NO;
				GCC_OPTIMIZATION_LEVEL = 0;
				GCC_PRECOMPILE_PREFIX_HEADER = YES;
				GCC_PREFIX_HEADER = ProtocolBuffers_Prefix.pch;
				GCC_TREAT_WARNINGS_AS_ERRORS = YES;
				GCC_WARN_ABOUT_MISSING_NEWLINE = YES;
				GCC_WARN_ABOUT_RETURN_TYPE = YES;
				GCC_WARN_MISSING_PARENTHESES = YES;
				GCC_WARN_UNUSED_VARIABLE = YES;
				ONLY_ACTIVE_ARCH = YES;
				OTHER_LDFLAGS = (
					"-ObjC",
					"-all_load",
				);
				PREBINDING = NO;
				PRODUCT_NAME = "$(PROJECT_NAME)";
				SDKROOT = iphonesimulator3.0;
			};
			name = Debug;
		};
		1000000000000000000008D8 /* Debug */ = {
			isa = XCBuildConfiguration;
			buildSettings = {
			};
			name = Debug;
		};
		1000000000000000000008D7 /* Debug */ = {
			isa = XCBuildConfiguration;
			buildSettings = {
				ALWAYS_SEARCH_USER_PATHS = NO;
				COPY_PHASE_STRIP = NO;
				FRAMEWORK_SEARCH_PATHS = (
					"$(inherited)",
					"\"$(DEVELOPER_FRAMEWORKS_DIR)\"",
				);
				GCC_DYNAMIC_NO_PIC = NO;
				GCC_ENABLE_FIX_AND_CONTINUE = YES;
				GCC_MODEL_TUNING = G5;
				GCC_OPTIMIZATION_LEVEL = 0;
				GCC_PRECOMPILE_PREFIX_HEADER = YES;
				GCC_PREFIX_HEADER = ProtocolBuffers_Prefix.pch;
				GCC_TREAT_WARNINGS_AS_ERRORS = NO;
				INFOPLIST_FILE = "UnitTests-Info.plist";
				INSTALL_PATH = "$(HOME)/Applications";
				OTHER_LDFLAGS = (
					"-framework",
					Foundation,
					"-framework",
					AppKit,
					"-ObjC",
					"-framework",
					SenTestingKit,
				);
				PREBINDING = NO;
				PRODUCT_NAME = CommandLineTests;
				SDKROOT = macosx10.5;
			};
			name = Debug;
		};
		1000000000000000000008D9 /* Debug */ = {
			isa = XCBuildConfiguration;
			buildSettings = {
				ALWAYS_SEARCH_USER_PATHS = NO;
				COPY_PHASE_STRIP = NO;
				FRAMEWORK_SEARCH_PATHS = "$(DEVELOPER_LIBRARY_DIR)/Frameworks";
				GCC_DYNAMIC_NO_PIC = NO;
				GCC_ENABLE_FIX_AND_CONTINUE = NO;
				GCC_ENABLE_OBJC_EXCEPTIONS = YES;
				GCC_MODEL_TUNING = G5;
				GCC_OPTIMIZATION_LEVEL = 0;
				GCC_PRECOMPILE_PREFIX_HEADER = YES;
				GCC_PREFIX_HEADER = "$(SYSTEM_LIBRARY_DIR)/Frameworks/Cocoa.framework/Headers/Cocoa.h";
				INFOPLIST_FILE = "UnitTests-Info.plist";
				INSTALL_PATH = "$(USER_LIBRARY_DIR)/Bundles";
				OTHER_LDFLAGS = (
					"-framework",
					Cocoa,
					"-framework",
					SenTestingKit,
				);
				PREBINDING = NO;
				PRODUCT_NAME = UnitTests;
				SDKROOT = "";
				WRAPPER_EXTENSION = octest;
			};
			name = Debug;
		};
		100000000000000000001161 /* Release */ = {
			isa = XCBuildConfiguration;
			buildSettings = {
				ALWAYS_SEARCH_USER_PATHS = NO;
				COPY_PHASE_STRIP = YES;
				DEBUG_INFORMATION_FORMAT = "dwarf-with-dsym";
				FRAMEWORK_SEARCH_PATHS = (
					"$(inherited)",
					"\"$(DEVELOPER_FRAMEWORKS_DIR)\"",
				);
				GCC_ENABLE_FIX_AND_CONTINUE = NO;
				GCC_MODEL_TUNING = G5;
				GCC_PRECOMPILE_PREFIX_HEADER = YES;
				GCC_PREFIX_HEADER = ProtocolBuffers_Prefix.pch;
				GCC_TREAT_WARNINGS_AS_ERRORS = NO;
				INFOPLIST_FILE = "UnitTests-Info.plist";
				INSTALL_PATH = "$(HOME)/Applications";
				OTHER_LDFLAGS = (
					"-framework",
					Foundation,
					"-framework",
					AppKit,
					"-ObjC",
					"-framework",
					SenTestingKit,
				);
				PREBINDING = NO;
				PRODUCT_NAME = CommandLineTests;
				SDKROOT = macosx10.5;
				ZERO_LINK = NO;
			};
			name = Release;
		};
		100000000000000000001164 /* Release */ = {
			isa = XCBuildConfiguration;
			buildSettings = {
				ARCHS = "$(ARCHS_STANDARD_32_BIT)";
				"CODE_SIGN_IDENTITY[sdk=iphoneos*]" = "iPhone Developer";
				GCC_C_LANGUAGE_STANDARD = c99;
				GCC_PRECOMPILE_PREFIX_HEADER = YES;
				GCC_PREFIX_HEADER = ProtocolBuffers_Prefix.pch;
				GCC_TREAT_WARNINGS_AS_ERRORS = YES;
				GCC_WARN_ABOUT_MISSING_NEWLINE = YES;
				GCC_WARN_ABOUT_RETURN_TYPE = YES;
				GCC_WARN_MISSING_PARENTHESES = YES;
				GCC_WARN_UNUSED_VARIABLE = YES;
				OTHER_LDFLAGS = (
					"-ObjC",
					"-all_load",
				);
				PREBINDING = NO;
				PRODUCT_NAME = "$(PROJECT_NAME)";
				SDKROOT = iphonesimulator3.0;
			};
			name = Release;
		};
		100000000000000000001162 /* Release */ = {
			isa = XCBuildConfiguration;
			buildSettings = {
			};
			name = Release;
		};
		100000000000000000001163 /* Release */ = {
			isa = XCBuildConfiguration;
			buildSettings = {
				ALWAYS_SEARCH_USER_PATHS = NO;
				COPY_PHASE_STRIP = YES;
				DEBUG_INFORMATION_FORMAT = "dwarf-with-dsym";
				FRAMEWORK_SEARCH_PATHS = "$(DEVELOPER_LIBRARY_DIR)/Frameworks";
				GCC_ENABLE_FIX_AND_CONTINUE = NO;
				GCC_ENABLE_OBJC_EXCEPTIONS = YES;
				GCC_MODEL_TUNING = G5;
				GCC_PRECOMPILE_PREFIX_HEADER = YES;
				GCC_PREFIX_HEADER = "$(SYSTEM_LIBRARY_DIR)/Frameworks/Cocoa.framework/Headers/Cocoa.h";
				INFOPLIST_FILE = "UnitTests-Info.plist";
				INSTALL_PATH = "$(USER_LIBRARY_DIR)/Bundles";
				OTHER_LDFLAGS = (
					"-framework",
					Cocoa,
					"-framework",
					SenTestingKit,
				);
				PREBINDING = NO;
				PRODUCT_NAME = UnitTests;
				WRAPPER_EXTENSION = octest;
				ZERO_LINK = NO;
			};
			name = Release;
		};
/* End XCBuildConfiguration section */

/* Begin XCConfigurationList section */
		10000000000000000000061E /* Build configuration list for PBXNativeTarget "CommandLineTests" */ = {
			isa = XCConfigurationList;
			buildConfigurations = (
				1000000000000000000008D7 /* Debug */,
				100000000000000000001161 /* Release */,
			);
			defaultConfigurationIsVisible = 0;
			defaultConfigurationName = Release;
		};
		10000000000000000000062B /* Build configuration list for PBXNativeTarget "ProtocolBuffers" */ = {
			isa = XCConfigurationList;
			buildConfigurations = (
				1000000000000000000008D8 /* Debug */,
				100000000000000000001162 /* Release */,
			);
			defaultConfigurationIsVisible = 0;
			defaultConfigurationName = Release;
		};
		100000000000000000000635 /* Build configuration list for PBXNativeTarget "UnitTests" */ = {
			isa = XCConfigurationList;
			buildConfigurations = (
				1000000000000000000008D9 /* Debug */,
				100000000000000000001163 /* Release */,
			);
			defaultConfigurationIsVisible = 0;
			defaultConfigurationName = Release;
		};
		100000000000000000000681 /* Build configuration list for PBXProject "ProtocolBuffers" */ = {
			isa = XCConfigurationList;
			buildConfigurations = (
				1000000000000000000008D6 /* Debug */,
				100000000000000000001164 /* Release */,
			);
			defaultConfigurationIsVisible = 0;
			defaultConfigurationName = Release;
		};
/* End XCConfigurationList section */
	};
	rootObject = 1000000000000000000010BF /* Project object */;
}
