// !$*UTF8*$!
{
	archiveVersion = 1;
	classes = {
	};
	objectVersion = 45;
	objects = {

/* Begin PBXBuildFile section */
		1000000000000000000020BA /* widget.cc in Sources */ = {isa = PBXBuildFile; fileRef = 1000000000000000000020B9 /* widget.cc */; };
		1000000000000000000020BC /* widget.h in Headers */ = {isa = PBXBuildFile; fileRef = 1000000000000000000020BB /* widget.h */; settings = {ATTRIBUTES = (Public, ); }; };
		1000000000000000000020BE /* widget_test.cc in Sources */ = {isa = PBXBuildFile; fileRef = 1000000000000000000020BD /* widget_test.cc */; };
		100000000000000000001C8D /* Widget.framework in Frameworks */ = {isa = PBXBuildFile; fileRef = 100000000000000000001C8C /* Widget.framework */; };
		100000000000000000001D8D /* gtest.framework in Frameworks */ = {isa = PBXBuildFile; fileRef = 100000000000000000001D42 /* gtest.framework */; };
/* End PBXBuildFile section */

/* Begin PBXContainerItemProxy section */
		100000000000000000001182 /* PBXContainerItemProxy */ = {
			isa = PBXContainerItemProxy;
			containerPortal = 10000000000000000000148A /* Project object */;
			proxyType = 1;
			remoteGlobalIDString = 8D07F2BC0486CC7A007CD1D0;
			remoteInfo = gTestExample;
		};
/* End PBXContainerItemProxy section */

/* Begin PBXFileReference section */
		100000000000000000001C91 /* WidgetFrameworkTest */ = {isa = PBXFileReference; explicitFileType = "compiled.mach-o.executable"; includeInIndex = 0; path = WidgetFrameworkTest; sourceTree = BUILT_PRODUCTS_DIR; };
		1000000000000000000020B9 /* widget.cc */ = {isa = PBXFileReference; fileEncoding = 4; lastKnownFileType = sourcecode.cpp.cpp; path = widget.cc; sourceTree = "<group>"; };
		1000000000000000000020BB /* widget.h */ = {isa = PBXFileReference; fileEncoding = 4; lastKnownFileType = sourcecode.c.h; path = widget.h; sourceTree = "<group>"; };
		1000000000000000000020BD /* widget_test.cc */ = {isa = PBXFileReference; fileEncoding = 4; lastKnownFileType = sourcecode.cpp.cpp; path = widget_test.cc; sourceTree = "<group>"; };
		100000000000000000001D42 /* gtest.framework */ = {isa = PBXFileReference; lastKnownFileType = wrapper.framework; name = gtest.framework; path = ../../build/Debug/gtest.framework; sourceTree = "<group>"; };
		100000000000000000000C8C /* Info.plist */ = {isa = PBXFileReference; fileEncoding = 4; lastKnownFileType = text.plist; path = Info.plist; sourceTree = "<group>"; };
		100000000000000000001C8C /* Widget.framework */ = {isa = PBXFileReference; explicitFileType = wrapper.framework; includeInIndex = 0; path = Widget.framework; sourceTree = BUILT_PRODUCTS_DIR; };
/* End PBXFileReference section */

/* Begin PBXFrameworksBuildPhase section */
		100000000000000000000B43 /* Frameworks */ = {
			isa = PBXFrameworksBuildPhase;
			buildActionMask = 2147483647;
			files = (
				100000000000000000001C8D /* Widget.framework in Frameworks */,
				100000000000000000001D8D /* gtest.framework in Frameworks */,
			);
			runOnlyForDeploymentPostprocessing = 0;
		};
		100000000000000000000B44 /* Frameworks */ = {
			isa = PBXFrameworksBuildPhase;
			buildActionMask = 2147483647;
			files = (
			);
			runOnlyForDeploymentPostprocessing = 0;
		};
/* End PBXFrameworksBuildPhase section */

/* Begin PBXGroup section */
		10000000000000000000147B /* Products */ = {
			isa = PBXGroup;
			children = (
				100000000000000000001C8C /* Widget.framework */,
				100000000000000000001C91 /* WidgetFrameworkTest */,
			);
			name = Products;
			sourceTree = "<group>";
		};
		100000000000000000001CEB /* gTestExample */ = {
			isa = PBXGroup;
			children = (
				10000000000000000000172E /* Source */,
				1000000000000000000015F5 /* Resources */,
				100000000000000000001A7E /* Test */,
				100000000000000000000AE8 /* External Frameworks and Libraries */,
				10000000000000000000147B /* Products */,
			);
			name = gTestExample;
			sourceTree = "<group>";
		};
		100000000000000000000AE8 /* External Frameworks and Libraries */ = {
			isa = PBXGroup;
			children = (
				100000000000000000001D42 /* gtest.framework */,
			);
			name = "External Frameworks and Libraries";
			sourceTree = "<group>";
		};
		1000000000000000000015F5 /* Resources */ = {
			isa = PBXGroup;
			children = (
				100000000000000000000C8C /* Info.plist */,
			);
			name = Resources;
			sourceTree = "<group>";
		};
		10000000000000000000172E /* Source */ = {
			isa = PBXGroup;
			children = (
				1000000000000000000020B9 /* widget.cc */,
				1000000000000000000020BB /* widget.h */,
			);
			name = Source;
			sourceTree = "<group>";
		};
		100000000000000000001A7E /* Test */ = {
			isa = PBXGroup;
			children = (
				1000000000000000000020BD /* widget_test.cc */,
			);
			name = Test;
			sourceTree = "<group>";
		};
/* End PBXGroup section */

/* Begin PBXHeadersBuildPhase section */
		100000000000000000000BD4 /* Headers */ = {
			isa = PBXHeadersBuildPhase;
			buildActionMask = 2147483647;
			files = (
				1000000000000000000020BC /* widget.h in Headers */,
			);
			runOnlyForDeploymentPostprocessing = 0;
		};
/* End PBXHeadersBuildPhase section */

/* Begin PBXNativeTarget section */
		100000000000000000001C90 /* WidgetFrameworkTest */ = {
			isa = PBXNativeTarget;
			buildConfigurationList = 100000000000000000000613 /* Build configuration list for PBXNativeTarget "WidgetFrameworkTest" */;
			buildPhases = (
				100000000000000000001795 /* Sources */,
				100000000000000000000B43 /* Frameworks */,
			);
			buildRules = (
			);
			dependencies = (
				1000000000000000000012E9 /* PBXTargetDependency */,
			);
			name = WidgetFrameworkTest;
			productName = gTestExampleTest;
			productReference = 100000000000000000001C91 /* WidgetFrameworkTest */;
			productType = "com.apple.product-type.tool";
		};
		100000000000000000001CED /* WidgetFramework */ = {
			isa = PBXNativeTarget;
			buildConfigurationList = 100000000000000000000615 /* Build configuration list for PBXNativeTarget "WidgetFramework" */;
			buildPhases = (
				1000000000000000000017DA /* Sources */,
				100000000000000000000B44 /* Frameworks */,
				100000000000000000000BD4 /* Headers */,
				1000000000000000000015F1 /* Resources */,
				10000000000000000000160D /* Rez */,
			);
			buildRules = (
			);
			dependencies = (
			);
			name = WidgetFramework;
			productInstallPath = "$(HOME)/Library/Frameworks";
			productName = gTestExample;
			productReference = 100000000000000000001C8C /* Widget.framework */;
			productType = "com.apple.product-type.framework";
		};
/* End PBXNativeTarget section */

/* Begin PBXProject section */
		10000000000000000000148A /* Project object */ = {
			isa = PBXProject;
			buildConfigurationList = 100000000000000000000663 /* Build configuration list for PBXProject "WidgetFramework" */;
			compatibilityVersion = "Xcode 3.1";
			hasScannedForEncodings = 1;
			mainGroup = 100000000000000000001CEB /* gTestExample */;
			productRefGroup = 10000000000000000000147B /* Products */;
			projectDirPath = "";
			projectRoot = "";
			targets = (
				100000000000000000001CED /* WidgetFramework */,
				100000000000000000001C90 /* WidgetFrameworkTest */,
			);
		};
/* End PBXProject section */

/* Begin PBXResourcesBuildPhase section */
		1000000000000000000015F1 /* Resources */ = {
			isa = PBXResourcesBuildPhase;
			buildActionMask = 2147483647;
			files = (
			);
			runOnlyForDeploymentPostprocessing = 0;
		};
/* End PBXResourcesBuildPhase section */

/* Begin PBXRezBuildPhase section */
		10000000000000000000160D /* Rez */ = {
			isa = PBXRezBuildPhase;
			buildActionMask = 2147483647;
			files = (
			);
			runOnlyForDeploymentPostprocessing = 0;
		};
/* End PBXRezBuildPhase section */

/* Begin PBXSourcesBuildPhase section */
		100000000000000000001795 /* Sources */ = {
			isa = PBXSourcesBuildPhase;
			buildActionMask = 2147483647;
			files = (
				1000000000000000000020BE /* widget_test.cc in Sources */,
			);
			runOnlyForDeploymentPostprocessing = 0;
		};
		1000000000000000000017DA /* Sources */ = {
			isa = PBXSourcesBuildPhase;
			buildActionMask = 2147483647;
			files = (
				1000000000000000000020BA /* widget.cc in Sources */,
			);
			runOnlyForDeploymentPostprocessing = 0;
		};
/* End PBXSourcesBuildPhase section */

/* Begin PBXTargetDependency section */
		1000000000000000000012E9 /* PBXTargetDependency */ = {
			isa = PBXTargetDependency;
			target = 100000000000000000001CED /* WidgetFramework */;
			targetProxy = 100000000000000000001182 /* PBXContainerItemProxy */;
		};
/* End PBXTargetDependency section */

/* Begin XCBuildConfiguration section */
		100000000000000000000941 /* Debug */ = {
			isa = XCBuildConfiguration;
			buildSettings = {
				FRAMEWORK_SEARCH_PATHS = (
					"$(inherited)",
					"\"$(SRCROOT)/externals/googletest/xcode/build/Debug\"",
					"\"$(SRCROOT)/../../build/Debug\"",
				);
				INSTALL_PATH = /usr/local/bin;
				PRODUCT_NAME = WidgetFrameworkTest;
			};
			name = Debug;
		};
		10000000000000000000157F /* Release */ = {
			isa = XCBuildConfiguration;
			buildSettings = {
				FRAMEWORK_SEARCH_PATHS = (
					"$(inherited)",
					"\"$(SRCROOT)/externals/googletest/xcode/build/Debug\"",
					"\"$(SRCROOT)/../../build/Debug\"",
				);
				INSTALL_PATH = /usr/local/bin;
				PRODUCT_NAME = WidgetFrameworkTest;
			};
			name = Release;
		};
		100000000000000000000939 /* Debug */ = {
			isa = XCBuildConfiguration;
			buildSettings = {
				DYLIB_COMPATIBILITY_VERSION = 1;
				DYLIB_CURRENT_VERSION = 1;
				FRAMEWORK_VERSION = A;
				INFOPLIST_FILE = Info.plist;
				INSTALL_PATH = "@loader_path/../Frameworks";
				LIBRARY_STYLE = DYNAMIC;
				MACH_O_TYPE = mh_dylib;
				PRODUCT_NAME = Widget;
				WRAPPER_EXTENSION = framework;
			};
			name = Debug;
		};
		10000000000000000000157D /* Release */ = {
			isa = XCBuildConfiguration;
			buildSettings = {
				DYLIB_COMPATIBILITY_VERSION = 1;
				DYLIB_CURRENT_VERSION = 1;
				FRAMEWORK_VERSION = A;
				INFOPLIST_FILE = Info.plist;
				INSTALL_PATH = "@loader_path/../Frameworks";
				LIBRARY_STYLE = DYNAMIC;
				MACH_O_TYPE = mh_dylib;
				PRODUCT_NAME = Widget;
				WRAPPER_EXTENSION = framework;
			};
			name = Release;
		};
		100000000000000000000992 /* Debug */ = {
			isa = XCBuildConfiguration;
			buildSettings = {
				ARCHS = "$(ARCHS_STANDARD_32_BIT)";
				ONLY_ACTIVE_ARCH = YES;
				SDKROOT = macosx10.5;
			};
			name = Debug;
		};
		1000000000000000000015CD /* Release */ = {
			isa = XCBuildConfiguration;
			buildSettings = {
				ARCHS = "$(ARCHS_STANDARD_32_BIT)";
				SDKROOT = macosx10.5;
			};
			name = Release;
		};
/* End XCBuildConfiguration section */

/* Begin XCConfigurationList section */
		100000000000000000000613 /* Build configuration list for PBXNativeTarget "WidgetFrameworkTest" */ = {
			isa = XCConfigurationList;
			buildConfigurations = (
				100000000000000000000941 /* Debug */,
				10000000000000000000157F /* Release */,
			);
			defaultConfigurationIsVisible = 0;
			defaultConfigurationName = Release;
		};
		100000000000000000000615 /* Build configuration list for PBXNativeTarget "WidgetFramework" */ = {
			isa = XCConfigurationList;
			buildConfigurations = (
				100000000000000000000939 /* Debug */,
				10000000000000000000157D /* Release */,
			);
			defaultConfigurationIsVisible = 0;
			defaultConfigurationName = Release;
		};
		100000000000000000000663 /* Build configuration list for PBXProject "WidgetFramework" */ = {
			isa = XCConfigurationList;
			buildConfigurations = (
				100000000000000000000992 /* Debug */,
				1000000000000000000015CD /* Release */,
			);
			defaultConfigurationIsVisible = 0;
			defaultConfigurationName = Release;
		};
/* End XCConfigurationList section */
	};
	rootObject = 10000000000000000000148A /* Project object */;
}
