// !$*UTF8*$!
{
	archiveVersion = 1;
	classes = {
	};
	objectVersion = 45;
	objects = {

/* Begin PBXBuildFile section */
		100000000000000000001B02 /* widget.cc in Sources */ = {isa = PBXBuildFile; fileRef = 100000000000000000001B01 /* widget.cc */; };
		100000000000000000001B04 /* widget.h in Headers */ = {isa = PBXBuildFile; fileRef = 100000000000000000001B03 /* widget.h */; settings = {ATTRIBUTES = (Public, ); }; };
		100000000000000000001B06 /* widget_test.cc in Sources */ = {isa = PBXBuildFile; fileRef = 100000000000000000001B05 /* widget_test.cc */; };
		10000000000000000000175A /* Widget.framework in Frameworks */ = {isa = PBXBuildFile; fileRef = 100000000000000000001759 /* Widget.framework */; };
		100000000000000000001810 /* gtest.framework in Frameworks */ = {isa = PBXBuildFile; fileRef = 10000000000000000000180D /* gtest.framework */; };
/* End PBXBuildFile section */

/* Begin PBXContainerItemProxy section */
		100000000000000000000EF5 /* PBXContainerItemProxy */ = {
			isa = PBXContainerItemProxy;
			containerPortal = 10000000000000000000109C /* Project object */;
			proxyType = 1;
			remoteGlobalIDString = 8D07F2BC0486CC7A007CD1D0;
			remoteInfo = gTestExample;
		};
/* End PBXContainerItemProxy section */

/* Begin PBXFileReference section */
		10000000000000000000175D /* WidgetFrameworkTest */ = {isa = PBXFileReference; explicitFileType = "compiled.mach-o.executable"; includeInIndex = 0; path = WidgetFrameworkTest; sourceTree = BUILT_PRODUCTS_DIR; };
		100000000000000000001B01 /* widget.cc */ = {isa = PBXFileReference; fileEncoding = 4; lastKnownFileType = sourcecode.cpp.cpp; path = widget.cc; sourceTree = "<group>"; };
		100000000000000000001B03 /* widget.h */ = {isa = PBXFileReference; fileEncoding = 4; lastKnownFileType = sourcecode.c.h; path = widget.h; sourceTree = "<group>"; };
		100000000000000000001B05 /* widget_test.cc */ = {isa = PBXFileReference; fileEncoding = 4; lastKnownFileType = sourcecode.cpp.cpp; path = widget_test.cc; sourceTree = "<group>"; };
		10000000000000000000180D /* gtest.framework */ = {isa = PBXFileReference; lastKnownFileType = wrapper.framework; name = gtest.framework; path = ../../build/Debug/gtest.framework; sourceTree = "<group>"; };
		100000000000000000000B1A /* Info.plist */ = {isa = PBXFileReference; fileEncoding = 4; lastKnownFileType = text.plist; path = Info.plist; sourceTree = "<group>"; };
		100000000000000000001759 /* Widget.framework */ = {isa = PBXFileReference; explicitFileType = wrapper.framework; includeInIndex = 0; path = Widget.framework; sourceTree = BUILT_PRODUCTS_DIR; };
/* End PBXFileReference section */

/* Begin PBXFrameworksBuildPhase section */
		100000000000000000000A03 /* Frameworks */ = {
			isa = PBXFrameworksBuildPhase;
			buildActionMask = 2147483647;
			files = (
				10000000000000000000175A /* Widget.framework in Frameworks */,
				100000000000000000001810 /* gtest.framework in Frameworks */,
			);
			runOnlyForDeploymentPostprocessing = 0;
		};
		100000000000000000000A04 /* Frameworks */ = {
			isa = PBXFrameworksBuildPhase;
			buildActionMask = 2147483647;
			files = (
			);
			runOnlyForDeploymentPostprocessing = 0;
		};
/* End PBXFrameworksBuildPhase section */

/* Begin PBXGroup section */
		100000000000000000001090 /* Products */ = {
			isa = PBXGroup;
			children = (
				100000000000000000001759 /* Widget.framework */,
				10000000000000000000175D /* WidgetFrameworkTest */,
			);
			name = Products;
			sourceTree = "<group>";
		};
		1000000000000000000017B7 /* gTestExample */ = {
			isa = PBXGroup;
			children = (
				10000000000000000000127B /* Source */,
				100000000000000000001157 /* Resources */,
				10000000000000000000154B /* Test */,
				1000000000000000000009FF /* External Frameworks and Libraries */,
				100000000000000000001090 /* Products */,
			);
			name = gTestExample;
			sourceTree = "<group>";
		};
		1000000000000000000009FF /* External Frameworks and Libraries */ = {
			isa = PBXGroup;
			children = (
				10000000000000000000180D /* gtest.framework */,
			);
			name = "External Frameworks and Libraries";
			sourceTree = "<group>";
		};
		100000000000000000001157 /* Resources */ = {
			isa = PBXGroup;
			children = (
				100000000000000000000B1A /* Info.plist */,
			);
			name = Resources;
			sourceTree = "<group>";
		};
		10000000000000000000127B /* Source */ = {
			isa = PBXGroup;
			children = (
				100000000000000000001B01 /* widget.cc */,
				100000000000000000001B03 /* widget.h */,
			);
			name = Source;
			sourceTree = "<group>";
		};
		10000000000000000000154B /* Test */ = {
			isa = PBXGroup;
			children = (
				100000000000000000001B05 /* widget_test.cc */,
			);
			name = Test;
			sourceTree = "<group>";
		};
/* End PBXGroup section */

/* Begin PBXHeadersBuildPhase section */
		100000000000000000000A71 /* Headers */ = {
			isa = PBXHeadersBuildPhase;
			buildActionMask = 2147483647;
			files = (
				100000000000000000001B04 /* widget.h in Headers */,
			);
			runOnlyForDeploymentPostprocessing = 0;
		};
/* End PBXHeadersBuildPhase section */

/* Begin PBXNativeTarget section */
		10000000000000000000175C /* WidgetFrameworkTest */ = {
			isa = PBXNativeTarget;
			buildConfigurationList = 100000000000000000000637 /* Build configuration list for PBXNativeTarget "WidgetFrameworkTest" */;
			buildPhases = (
				10000000000000000000128A /* Sources */,
				100000000000000000000A03 /* Frameworks */,
			);
			buildRules = (
			);
			dependencies = (
				100000000000000000000F66 /* PBXTargetDependency */,
			);
			name = WidgetFrameworkTest;
			productName = gTestExampleTest;
			productReference = 10000000000000000000175D /* WidgetFrameworkTest */;
			productType = "com.apple.product-type.tool";
		};
		1000000000000000000017B8 /* WidgetFramework */ = {
			isa = PBXNativeTarget;
			buildConfigurationList = 100000000000000000000639 /* Build configuration list for PBXNativeTarget "WidgetFramework" */;
			buildPhases = (
				1000000000000000000012AF /* Sources */,
				100000000000000000000A04 /* Frameworks */,
				100000000000000000000A71 /* Headers */,
				100000000000000000001158 /* Resources */,
				10000000000000000000116F /* Rez */,
			);
			buildRules = (
			);
			dependencies = (
			);
			name = WidgetFramework;
			productInstallPath = "$(HOME)/Library/Frameworks";
			productName = gTestExample;
			productReference = 100000000000000000001759 /* Widget.framework */;
			productType = "com.apple.product-type.framework";
		};
/* End PBXNativeTarget section */

/* Begin PBXProject section */
		10000000000000000000109C /* Project object */ = {
			isa = PBXProject;
			buildConfigurationList = 100000000000000000000687 /* Build configuration list for PBXProject "WidgetFramework" */;
			compatibilityVersion = "Xcode 3.1";
			hasScannedForEncodings = 1;
			mainGroup = 1000000000000000000017B7 /* gTestExample */;
			productRefGroup = 100000000000000000001090 /* Products */;
			projectDirPath = "";
			projectRoot = "";
			targets = (
				1000000000000000000017B8 /* WidgetFramework */,
				10000000000000000000175C /* WidgetFrameworkTest */,
			);
		};
/* End PBXProject section */

/* Begin PBXResourcesBuildPhase section */
		100000000000000000001158 /* Resources */ = {
			isa = PBXResourcesBuildPhase;
			buildActionMask = 2147483647;
			files = (
			);
			runOnlyForDeploymentPostprocessing = 0;
		};
/* End PBXResourcesBuildPhase section */

/* Begin PBXRezBuildPhase section */
		10000000000000000000116F /* Rez */ = {
			isa = PBXRezBuildPhase;
			buildActionMask = 2147483647;
			files = (
			);
			runOnlyForDeploymentPostprocessing = 0;
		};
/* End PBXRezBuildPhase section */

/* Begin PBXSourcesBuildPhase section */
		10000000000000000000128A /* Sources */ = {
			isa = PBXSourcesBuildPhase;
			buildActionMask = 2147483647;
			files = (
				100000000000000000001B06 /* widget_test.cc in Sources */,
			);
			runOnlyForDeploymentPostprocessing = 0;
		};
		1000000000000000000012AF /* Sources */ = {
			isa = PBXSourcesBuildPhase;
			buildActionMask = 2147483647;
			files = (
				100000000000000000001B02 /* widget.cc in Sources */,
			);
			runOnlyForDeploymentPostprocessing = 0;
		};
/* End PBXSourcesBuildPhase section */

/* Begin PBXTargetDependency section */
		100000000000000000000F66 /* PBXTargetDependency */ = {
			isa = PBXTargetDependency;
			target = 1000000000000000000017B8 /* WidgetFramework */;
			targetProxy = 100000000000000000000EF5 /* PBXContainerItemProxy */;
		};
/* End PBXTargetDependency section */

/* Begin XCBuildConfiguration section */
		1000000000000000000008AB /* Debug */ = {
			isa = XCBuildConfiguration;
			buildSettings = {
				FRAMEWORK_SEARCH_PATHS = (
					"$(inherited)",
					"\"$(SRCROOT)/externals/googletest/xcode/build/Debug\"",
					"\"$(SRCROOT)/../../build/Debug\"",
				);
				INSTALL_PATH = /usr/local/bin;
				PRODUCT_NAME = WidgetFrameworkTest;
			};
			name = Debug;
		};
		100000000000000000001113 /* Release */ = {
			isa = XCBuildConfiguration;
			buildSettings = {
				FRAMEWORK_SEARCH_PATHS = (
					"$(inherited)",
					"\"$(SRCROOT)/externals/googletest/xcode/build/Debug\"",
					"\"$(SRCROOT)/../../build/Debug\"",
				);
				INSTALL_PATH = /usr/local/bin;
				PRODUCT_NAME = WidgetFrameworkTest;
			};
			name = Release;
		};
		1000000000000000000008D4 /* Debug */ = {
			isa = XCBuildConfiguration;
			buildSettings = {
				DYLIB_COMPATIBILITY_VERSION = 1;
				DYLIB_CURRENT_VERSION = 1;
				FRAMEWORK_VERSION = A;
				INFOPLIST_FILE = Info.plist;
				INSTALL_PATH = "@loader_path/../Frameworks";
				LIBRARY_STYLE = DYNAMIC;
				MACH_O_TYPE = mh_dylib;
				PRODUCT_NAME = Widget;
				WRAPPER_EXTENSION = framework;
			};
			name = Debug;
		};
		10000000000000000000113B /* Release */ = {
			isa = XCBuildConfiguration;
			buildSettings = {
				DYLIB_COMPATIBILITY_VERSION = 1;
				DYLIB_CURRENT_VERSION = 1;
				FRAMEWORK_VERSION = A;
				INFOPLIST_FILE = Info.plist;
				INSTALL_PATH = "@loader_path/../Frameworks";
				LIBRARY_STYLE = DYNAMIC;
				MACH_O_TYPE = mh_dylib;
				PRODUCT_NAME = Widget;
				WRAPPER_EXTENSION = framework;
			};
			name = Release;
		};
		1000000000000000000008D5 /* Debug */ = {
			isa = XCBuildConfiguration;
			buildSettings = {
				ARCHS = "$(ARCHS_STANDARD_32_BIT)";
				ONLY_ACTIVE_ARCH = YES;
				SDKROOT = macosx10.5;
			};
			name = Debug;
		};
		10000000000000000000113C /* Release */ = {
			isa = XCBuildConfiguration;
			buildSettings = {
				ARCHS = "$(ARCHS_STANDARD_32_BIT)";
				SDKROOT = macosx10.5;
			};
			name = Release;
		};
/* End XCBuildConfiguration section */

/* Begin XCConfigurationList section */
		100000000000000000000637 /* Build configuration list for PBXNativeTarget "WidgetFrameworkTest" */ = {
			isa = XCConfigurationList;
			buildConfigurations = (
				1000000000000000000008AB /* Debug */,
				100000000000000000001113 /* Release */,
			);
			defaultConfigurationIsVisible = 0;
			defaultConfigurationName = Release;
		};
		100000000000000000000639 /* Build configuration list for PBXNativeTarget "WidgetFramework" */ = {
			isa = XCConfigurationList;
			buildConfigurations = (
				1000000000000000000008D4 /* Debug */,
				10000000000000000000113B /* Release */,
			);
			defaultConfigurationIsVisible = 0;
			defaultConfigurationName = Release;
		};
		100000000000000000000687 /* Build configuration list for PBXProject "WidgetFramework" */ = {
			isa = XCConfigurationList;
			buildConfigurations = (
				1000000000000000000008D5 /* Debug */,
				10000000000000000000113C /* Release */,
			);
			defaultConfigurationIsVisible = 0;
			defaultConfigurationName = Release;
		};
/* End XCConfigurationList section */
	};
	rootObject = 10000000000000000000109C /* Project object */;
}
