// !$*UTF8*$!
{
	archiveVersion = 1;
	classes = {
	};
	objectVersion = 45;
	objects = {

/* Begin PBXBuildFile section */
		100000000000000000002114 /* widget.cc in Sources */ = {isa = PBXBuildFile; fileRef = 100000000000000000002113 /* widget.cc */; };
		100000000000000000002116 /* widget.h in Headers */ = {isa = PBXBuildFile; fileRef = 100000000000000000002115 /* widget.h */; settings = {ATTRIBUTES = (Public, ); }; };
		100000000000000000002118 /* widget_test.cc in Sources */ = {isa = PBXBuildFile; fileRef = 100000000000000000002117 /* widget_test.cc */; };
		100000000000000000001CDB /* Widget.framework in Frameworks */ = {isa = PBXBuildFile; fileRef = 100000000000000000001CDA /* Widget.framework */; };
		100000000000000000001DDB /* gtest.framework in Frameworks */ = {isa = PBXBuildFile; fileRef = 100000000000000000001D90 /* gtest.framework */; };
/* End PBXBuildFile section */

/* Begin PBXContainerItemProxy section */
		1000000000000000000011AF /* PBXContainerItemProxy */ = {
			isa = PBXContainerItemProxy;
			containerPortal = 1000000000000000000014B4 /* Project object */;
			proxyType = 1;
			remoteGlobalIDString = 8D07F2BC0486CC7A007CD1D0;
			remoteInfo = gTestExample;
		};
/* End PBXContainerItemProxy section */

/* Begin PBXFileReference section */
		100000000000000000001CDF /* WidgetFrameworkTest */ = {isa = PBXFileReference; explicitFileType = "compiled.mach-o.executable"; includeInIndex = 0; path = WidgetFrameworkTest; sourceTree = BUILT_PRODUCTS_DIR; };
		100000000000000000002113 /* widget.cc */ = {isa = PBXFileReference; fileEncoding = 4; lastKnownFileType = sourcecode.cpp.cpp; path = widget.cc; sourceTree = "<group>"; };
		100000000000000000002115 /* widget.h */ = {isa = PBXFileReference; fileEncoding = 4; lastKnownFileType = sourcecode.c.h; path = widget.h; sourceTree = "<group>"; };
		100000000000000000002117 /* widget_test.cc */ = {isa = PBXFileReference; fileEncoding = 4; lastKnownFileType = sourcecode.cpp.cpp; path = widget_test.cc; sourceTree = "<group>"; };
		100000000000000000001D90 /* gtest.framework */ = {isa = PBXFileReference; lastKnownFileType = wrapper.framework; name = gtest.framework; path = ../../build/Debug/gtest.framework; sourceTree = "<group>"; };
		100000000000000000000CA6 /* Info.plist */ = {isa = PBXFileReference; fileEncoding = 4; lastKnownFileType = text.plist; path = Info.plist; sourceTree = "<group>"; };
		100000000000000000001CDA /* Widget.framework */ = {isa = PBXFileReference; explicitFileType = wrapper.framework; includeInIndex = 0; path = Widget.framework; sourceTree = BUILT_PRODUCTS_DIR; };
/* End PBXFileReference section */

/* Begin PBXFrameworksBuildPhase section */
		100000000000000000000B5D /* Frameworks */ = {
			isa = PBXFrameworksBuildPhase;
			buildActionMask = 2147483647;
			files = (
				100000000000000000001CDB /* Widget.framework in Frameworks */,
				100000000000000000001DDB /* gtest.framework in Frameworks */,
			);
			runOnlyForDeploymentPostprocessing = 0;
		};
		100000000000000000000B5E /* Frameworks */ = {
			isa = PBXFrameworksBuildPhase;
			buildActionMask = 2147483647;
			files = (
			);
			runOnlyForDeploymentPostprocessing = 0;
		};
/* End PBXFrameworksBuildPhase section */

/* Begin PBXGroup section */
		1000000000000000000014A5 /* Products */ = {
			isa = PBXGroup;
			children = (
				100000000000000000001CDA /* Widget.framework */,
				100000000000000000001CDF /* WidgetFrameworkTest */,
			);
			name = Products;
			sourceTree = "<group>";
		};
		100000000000000000001D39 /* gTestExample */ = {
			isa = PBXGroup;
			children = (
				100000000000000000001767 /* Source */,
				100000000000000000001625 /* Resources */,
				100000000000000000001AC1 /* Test */,
				100000000000000000000B02 /* External Frameworks and Libraries */,
				1000000000000000000014A5 /* Products */,
			);
			name = gTestExample;
			sourceTree = "<group>";
		};
		100000000000000000000B02 /* External Frameworks and Libraries */ = {
			isa = PBXGroup;
			children = (
				100000000000000000001D90 /* gtest.framework */,
			);
			name = "External Frameworks and Libraries";
			sourceTree = "<group>";
		};
		100000000000000000001625 /* Resources */ = {
			isa = PBXGroup;
			children = (
				100000000000000000000CA6 /* Info.plist */,
			);
			name = Resources;
			sourceTree = "<group>";
		};
		100000000000000000001767 /* Source */ = {
			isa = PBXGroup;
			children = (
				100000000000000000002113 /* widget.cc */,
				100000000000000000002115 /* widget.h */,
			);
			name = Source;
			sourceTree = "<group>";
		};
		100000000000000000001AC1 /* Test */ = {
			isa = PBXGroup;
			children = (
				100000000000000000002117 /* widget_test.cc */,
			);
			name = Test;
			sourceTree = "<group>";
		};
/* End PBXGroup section */

/* Begin PBXHeadersBuildPhase section */
		100000000000000000000BEB /* Headers */ = {
			isa = PBXHeadersBuildPhase;
			buildActionMask = 2147483647;
			files = (
				100000000000000000002116 /* widget.h in Headers */,
			);
			runOnlyForDeploymentPostprocessing = 0;
		};
/* End PBXHeadersBuildPhase section */

/* Begin PBXNativeTarget section */
		100000000000000000001CDE /* WidgetFrameworkTest */ = {
			isa = PBXNativeTarget;
			buildConfigurationList = 10000000000000000000062B /* Build configuration list for PBXNativeTarget "WidgetFrameworkTest" */;
			buildPhases = (
				1000000000000000000017CE /* Sources */,
				100000000000000000000B5D /* Frameworks */,
			);
			buildRules = (
			);
			dependencies = (
				100000000000000000001316 /* PBXTargetDependency */,
			);
			name = WidgetFrameworkTest;
			productName = gTestExampleTest;
			productReference = 100000000000000000001CDF /* WidgetFrameworkTest */;
			productType = "com.apple.product-type.tool";
		};
		100000000000000000001D3B /* WidgetFramework */ = {
			isa = PBXNativeTarget;
			buildConfigurationList = 10000000000000000000062D /* Build configuration list for PBXNativeTarget "WidgetFramework" */;
			buildPhases = (
				100000000000000000001814 /* Sources */,
				100000000000000000000B5E /* Frameworks */,
				100000000000000000000BEB /* Headers */,
				100000000000000000001621 /* Resources */,
				10000000000000000000163D /* Rez */,
			);
			buildRules = (
			);
			dependencies = (
			);
			name = WidgetFramework;
			productInstallPath = "$(HOME)/Library/Frameworks";
			productName = gTestExample;
			productReference = 100000000000000000001CDA /* Widget.framework */;
			productType = "com.apple.product-type.framework";
		};
/* End PBXNativeTarget section */

/* Begin PBXProject section */
		1000000000000000000014B4 /* Project object */ = {
			isa = PBXProject;
			buildConfigurationList = 10000000000000000000067B /* Build configuration list for PBXProject "WidgetFramework" */;
			compatibilityVersion = "Xcode 3.1";
			hasScannedForEncodings = 1;
			mainGroup = 100000000000000000001D39 /* gTestExample */;
			productRefGroup = 1000000000000000000014A5 /* Products */;
			projectDirPath = "";
			projectRoot = "";
			targets = (
				100000000000000000001D3B /* WidgetFramework */,
				100000000000000000001CDE /* WidgetFrameworkTest */,
			);
		};
/* End PBXProject section */

/* Begin PBXResourcesBuildPhase section */
		100000000000000000001621 /* Resources */ = {
			isa = PBXResourcesBuildPhase;
			buildActionMask = 2147483647;
			files = (
			);
			runOnlyForDeploymentPostprocessing = 0;
		};
/* End PBXResourcesBuildPhase section */

/* Begin PBXRezBuildPhase section */
		10000000000000000000163D /* Rez */ = {
			isa = PBXRezBuildPhase;
			buildActionMask = 2147483647;
			files = (
			);
			runOnlyForDeploymentPostprocessing = 0;
		};
/* End PBXRezBuildPhase section */

/* Begin PBXSourcesBuildPhase section */
		1000000000000000000017CE /* Sources */ = {
			isa = PBXSourcesBuildPhase;
			buildActionMask = 2147483647;
			files = (
				100000000000000000002118 /* widget_test.cc in Sources */,
			);
			runOnlyForDeploymentPostprocessing = 0;
		};
		100000000000000000001814 /* Sources */ = {
			isa = PBXSourcesBuildPhase;
			buildActionMask = 2147483647;
			files = (
				100000000000000000002114 /* widget.cc in Sources */,
			);
			runOnlyForDeploymentPostprocessing = 0;
		};
/* End PBXSourcesBuildPhase section */

/* Begin PBXTargetDependency section */
		100000000000000000001316 /* PBXTargetDependency */ = {
			isa = PBXTargetDependency;
			target = 100000000000000000001D3B /* WidgetFramework */;
			targetProxy = 1000000000000000000011AF /* PBXContainerItemProxy */;
		};
/* End PBXTargetDependency section */

/* Begin XCBuildConfiguration section */
		100000000000000000000958 /* Debug */ = {
			isa = XCBuildConfiguration;
			buildSettings = {
				FRAMEWORK_SEARCH_PATHS = (
					"$(inherited)",
					"\"$(SRCROOT)/externals/googletest/xcode/build/Debug\"",
					"\"$(SRCROOT)/../../build/Debug\"",
				);
				INSTALL_PATH = /usr/local/bin;
				PRODUCT_NAME = WidgetFrameworkTest;
			};
			name = Debug;
		};
		1000000000000000000015B0 /* Release */ = {
			isa = XCBuildConfiguration;
			buildSettings = {
				FRAMEWORK_SEARCH_PATHS = (
					"$(inherited)",
					"\"$(SRCROOT)/externals/googletest/xcode/build/Debug\"",
					"\"$(SRCROOT)/../../build/Debug\"",
				);
				INSTALL_PATH = /usr/local/bin;
				PRODUCT_NAME = WidgetFrameworkTest;
			};
			name = Release;
		};
		1000000000000000000009AC /* Debug */ = {
			isa = XCBuildConfiguration;
			buildSettings = {
				DYLIB_COMPATIBILITY_VERSION = 1;
				DYLIB_CURRENT_VERSION = 1;
				FRAMEWORK_VERSION = A;
				INFOPLIST_FILE = Info.plist;
				INSTALL_PATH = "@loader_path/../Frameworks";
				LIBRARY_STYLE = DYNAMIC;
				MACH_O_TYPE = mh_dylib;
				PRODUCT_NAME = Widget;
				WRAPPER_EXTENSION = framework;
			};
			name = Debug;
		};
		1000000000000000000015AE /* Release */ = {
			isa = XCBuildConfiguration;
			buildSettings = {
				DYLIB_COMPATIBILITY_VERSION = 1;
				DYLIB_CURRENT_VERSION = 1;
				FRAMEWORK_VERSION = A;
				INFOPLIST_FILE = Info.plist;
				INSTALL_PATH = "@loader_path/../Frameworks";
				LIBRARY_STYLE = DYNAMIC;
				MACH_O_TYPE = mh_dylib;
				PRODUCT_NAME = Widget;
				WRAPPER_EXTENSION = framework;
			};
			name = Release;
		};
		1000000000000000000009AD /* Debug */ = {
			isa = XCBuildConfiguration;
			buildSettings = {
				ARCHS = "$(ARCHS_STANDARD_32_BIT)";
				ONLY_ACTIVE_ARCH = YES;
				SDKROOT = macosx10.5;
			};
			name = Debug;
		};
		1000000000000000000015FF /* Release */ = {
			isa = XCBuildConfiguration;
			buildSettings = {
				ARCHS = "$(ARCHS_STANDARD_32_BIT)";
				SDKROOT = macosx10.5;
			};
			name = Release;
		};
/* End XCBuildConfiguration section */

/* Begin XCConfigurationList section */
		10000000000000000000062B /* Build configuration list for PBXNativeTarget "WidgetFrameworkTest" */ = {
			isa = XCConfigurationList;
			buildConfigurations = (
				100000000000000000000958 /* Debug */,
				1000000000000000000015B0 /* Release */,
			);
			defaultConfigurationIsVisible = 0;
			defaultConfigurationName = Release;
		};
		10000000000000000000062D /* Build configuration list for PBXNativeTarget "WidgetFramework" */ = {
			isa = XCConfigurationList;
			buildConfigurations = (
				1000000000000000000009AC /* Debug */,
				1000000000000000000015AE /* Release */,
			);
			defaultConfigurationIsVisible = 0;
			defaultConfigurationName = Release;
		};
		10000000000000000000067B /* Build configuration list for PBXProject "WidgetFramework" */ = {
			isa = XCConfigurationList;
			buildConfigurations = (
				1000000000000000000009AD /* Debug */,
				1000000000000000000015FF /* Release */,
			);
			defaultConfigurationIsVisible = 0;
			defaultConfigurationName = Release;
		};
/* End XCConfigurationList section */
	};
	rootObject = 1000000000000000000014B4 /* Project object */;
}
